// !$*UTF8*$!
{
	archiveVersion = 1;
	classes = {
	};
	objectVersion = 50;
	objects = {

/* Begin PBXBuildFile section */
		FB817B3521805D0300643973 /* RatingControl.swift in Sources */ = {isa = PBXBuildFile; fileRef = FB817B3421805D0300643973 /* RatingControl.swift */; };
		FB9166A4217F9D71006223E4 /* AppDelegate.swift in Sources */ = {isa = PBXBuildFile; fileRef = FB9166A3217F9D71006223E4 /* AppDelegate.swift */; };
		FB9166A6217F9D71006223E4 /* MealViewController.swift in Sources */ = {isa = PBXBuildFile; fileRef = FB9166A5217F9D71006223E4 /* MealViewController.swift */; };
		FB9166A9217F9D71006223E4 /* Main.storyboard in Resources */ = {isa = PBXBuildFile; fileRef = FB9166A7217F9D71006223E4 /* Main.storyboard */; };
		FB9166AB217F9D72006223E4 /* Assets.xcassets in Resources */ = {isa = PBXBuildFile; fileRef = FB9166AA217F9D72006223E4 /* Assets.xcassets */; };
		FB9166AE217F9D72006223E4 /* LaunchScreen.storyboard in Resources */ = {isa = PBXBuildFile; fileRef = FB9166AC217F9D72006223E4 /* LaunchScreen.storyboard */; };
		FB9166B9217F9D72006223E4 /* FoodTrackerTests.swift in Sources */ = {isa = PBXBuildFile; fileRef = FB9166B8217F9D72006223E4 /* FoodTrackerTests.swift */; };
		FB9166C4217F9D72006223E4 /* FoodTrackerUITests.swift in Sources */ = {isa = PBXBuildFile; fileRef = FB9166C3217F9D72006223E4 /* FoodTrackerUITests.swift */; };
		FBB2ECD12186E77E0045DBFC /* Meal.swift in Sources */ = {isa = PBXBuildFile; fileRef = FBB2ECD02186E77E0045DBFC /* Meal.swift */; };
		FBB2ECD32186F0370045DBFC /* MealTableViewCell.swift in Sources */ = {isa = PBXBuildFile; fileRef = FBB2ECD22186F0370045DBFC /* MealTableViewCell.swift */; };
		FBB2ECD52186F3B50045DBFC /* MealTableViewController.swift in Sources */ = {isa = PBXBuildFile; fileRef = FBB2ECD42186F3B50045DBFC /* MealTableViewController.swift */; };
/* End PBXBuildFile section */

/* Begin PBXContainerItemProxy section */
		FB9166B5217F9D72006223E4 /* PBXContainerItemProxy */ = {
			isa = PBXContainerItemProxy;
			containerPortal = FB916698217F9D71006223E4 /* Project object */;
			proxyType = 1;
			remoteGlobalIDString = FB91669F217F9D71006223E4;
			remoteInfo = FoodTracker;
		};
		FB9166C0217F9D72006223E4 /* PBXContainerItemProxy */ = {
			isa = PBXContainerItemProxy;
			containerPortal = FB916698217F9D71006223E4 /* Project object */;
			proxyType = 1;
			remoteGlobalIDString = FB91669F217F9D71006223E4;
			remoteInfo = FoodTracker;
		};
/* End PBXContainerItemProxy section */

/* Begin PBXFileReference section */
		FB817B3421805D0300643973 /* RatingControl.swift */ = {isa = PBXFileReference; lastKnownFileType = sourcecode.swift; path = RatingControl.swift; sourceTree = "<group>"; };
		FB9166A0217F9D71006223E4 /* FoodTracker.app */ = {isa = PBXFileReference; explicitFileType = wrapper.application; includeInIndex = 0; path = FoodTracker.app; sourceTree = BUILT_PRODUCTS_DIR; };
		FB9166A3217F9D71006223E4 /* AppDelegate.swift */ = {isa = PBXFileReference; lastKnownFileType = sourcecode.swift; path = AppDelegate.swift; sourceTree = "<group>"; };
		FB9166A5217F9D71006223E4 /* MealViewController.swift */ = {isa = PBXFileReference; lastKnownFileType = sourcecode.swift; path = MealViewController.swift; sourceTree = "<group>"; };
		FB9166A8217F9D71006223E4 /* Base */ = {isa = PBXFileReference; lastKnownFileType = file.storyboard; name = Base; path = Base.lproj/Main.storyboard; sourceTree = "<group>"; };
		FB9166AA217F9D72006223E4 /* Assets.xcassets */ = {isa = PBXFileReference; lastKnownFileType = folder.assetcatalog; path = Assets.xcassets; sourceTree = "<group>"; };
		FB9166AD217F9D72006223E4 /* Base */ = {isa = PBXFileReference; lastKnownFileType = file.storyboard; name = Base; path = Base.lproj/LaunchScreen.storyboard; sourceTree = "<group>"; };
		FB9166AF217F9D72006223E4 /* Info.plist */ = {isa = PBXFileReference; lastKnownFileType = text.plist.xml; path = Info.plist; sourceTree = "<group>"; };
		FB9166B4217F9D72006223E4 /* FoodTrackerTests.xctest */ = {isa = PBXFileReference; explicitFileType = wrapper.cfbundle; includeInIndex = 0; path = FoodTrackerTests.xctest; sourceTree = BUILT_PRODUCTS_DIR; };
		FB9166B8217F9D72006223E4 /* FoodTrackerTests.swift */ = {isa = PBXFileReference; lastKnownFileType = sourcecode.swift; path = FoodTrackerTests.swift; sourceTree = "<group>"; };
		FB9166BA217F9D72006223E4 /* Info.plist */ = {isa = PBXFileReference; lastKnownFileType = text.plist.xml; path = Info.plist; sourceTree = "<group>"; };
		FB9166BF217F9D72006223E4 /* FoodTrackerUITests.xctest */ = {isa = PBXFileReference; explicitFileType = wrapper.cfbundle; includeInIndex = 0; path = FoodTrackerUITests.xctest; sourceTree = BUILT_PRODUCTS_DIR; };
		FB9166C3217F9D72006223E4 /* FoodTrackerUITests.swift */ = {isa = PBXFileReference; lastKnownFileType = sourcecode.swift; path = FoodTrackerUITests.swift; sourceTree = "<group>"; };
		FB9166C5217F9D72006223E4 /* Info.plist */ = {isa = PBXFileReference; lastKnownFileType = text.plist.xml; path = Info.plist; sourceTree = "<group>"; };
		FBB2ECD02186E77E0045DBFC /* Meal.swift */ = {isa = PBXFileReference; lastKnownFileType = sourcecode.swift; path = Meal.swift; sourceTree = "<group>"; };
		FBB2ECD22186F0370045DBFC /* MealTableViewCell.swift */ = {isa = PBXFileReference; lastKnownFileType = sourcecode.swift; path = MealTableViewCell.swift; sourceTree = "<group>"; };
		FBB2ECD42186F3B50045DBFC /* MealTableViewController.swift */ = {isa = PBXFileReference; lastKnownFileType = sourcecode.swift; path = MealTableViewController.swift; sourceTree = "<group>"; };
/* End PBXFileReference section */

/* Begin PBXFrameworksBuildPhase section */
		FB91669D217F9D71006223E4 /* Frameworks */ = {
			isa = PBXFrameworksBuildPhase;
			buildActionMask = 2147483647;
			files = (
			);
			runOnlyForDeploymentPostprocessing = 0;
		};
		FB9166B1217F9D72006223E4 /* Frameworks */ = {
			isa = PBXFrameworksBuildPhase;
			buildActionMask = 2147483647;
			files = (
			);
			runOnlyForDeploymentPostprocessing = 0;
		};
		FB9166BC217F9D72006223E4 /* Frameworks */ = {
			isa = PBXFrameworksBuildPhase;
			buildActionMask = 2147483647;
			files = (
			);
			runOnlyForDeploymentPostprocessing = 0;
		};
/* End PBXFrameworksBuildPhase section */

/* Begin PBXGroup section */
		FB916697217F9D71006223E4 = {
			isa = PBXGroup;
			children = (
				FB9166A2217F9D71006223E4 /* FoodTracker */,
				FB9166B7217F9D72006223E4 /* FoodTrackerTests */,
				FB9166C2217F9D72006223E4 /* FoodTrackerUITests */,
				FB9166A1217F9D71006223E4 /* Products */,
			);
			sourceTree = "<group>";
		};
		FB9166A1217F9D71006223E4 /* Products */ = {
			isa = PBXGroup;
			children = (
				FB9166A0217F9D71006223E4 /* FoodTracker.app */,
				FB9166B4217F9D72006223E4 /* FoodTrackerTests.xctest */,
				FB9166BF217F9D72006223E4 /* FoodTrackerUITests.xctest */,
			);
			name = Products;
			sourceTree = "<group>";
		};
		FB9166A2217F9D71006223E4 /* FoodTracker */ = {
			isa = PBXGroup;
			children = (
				FB9166A3217F9D71006223E4 /* AppDelegate.swift */,
				FB9166A5217F9D71006223E4 /* MealViewController.swift */,
				FB817B3421805D0300643973 /* RatingControl.swift */,
				FB9166A7217F9D71006223E4 /* Main.storyboard */,
				FBB2ECD42186F3B50045DBFC /* MealTableViewController.swift */,
				FBB2ECD22186F0370045DBFC /* MealTableViewCell.swift */,
				FBB2ECD02186E77E0045DBFC /* Meal.swift */,
				FB9166AA217F9D72006223E4 /* Assets.xcassets */,
				FB9166AC217F9D72006223E4 /* LaunchScreen.storyboard */,
				FB9166AF217F9D72006223E4 /* Info.plist */,
			);
			path = FoodTracker;
			sourceTree = "<group>";
		};
		FB9166B7217F9D72006223E4 /* FoodTrackerTests */ = {
			isa = PBXGroup;
			children = (
				FB9166B8217F9D72006223E4 /* FoodTrackerTests.swift */,
				FB9166BA217F9D72006223E4 /* Info.plist */,
			);
			path = FoodTrackerTests;
			sourceTree = "<group>";
		};
		FB9166C2217F9D72006223E4 /* FoodTrackerUITests */ = {
			isa = PBXGroup;
			children = (
				FB9166C3217F9D72006223E4 /* FoodTrackerUITests.swift */,
				FB9166C5217F9D72006223E4 /* Info.plist */,
			);
			path = FoodTrackerUITests;
			sourceTree = "<group>";
		};
/* End PBXGroup section */

/* Begin PBXNativeTarget section */
		FB91669F217F9D71006223E4 /* FoodTracker */ = {
			isa = PBXNativeTarget;
			buildConfigurationList = FB9166C8217F9D72006223E4 /* Build configuration list for PBXNativeTarget "FoodTracker" */;
			buildPhases = (
				FB91669C217F9D71006223E4 /* Sources */,
				FB91669D217F9D71006223E4 /* Frameworks */,
				FB91669E217F9D71006223E4 /* Resources */,
			);
			buildRules = (
			);
			dependencies = (
			);
			name = FoodTracker;
			productName = FoodTracker;
			productReference = FB9166A0217F9D71006223E4 /* FoodTracker.app */;
			productType = "com.apple.product-type.application";
		};
		FB9166B3217F9D72006223E4 /* FoodTrackerTests */ = {
			isa = PBXNativeTarget;
			buildConfigurationList = FB9166CB217F9D72006223E4 /* Build configuration list for PBXNativeTarget "FoodTrackerTests" */;
			buildPhases = (
				FB9166B0217F9D72006223E4 /* Sources */,
				FB9166B1217F9D72006223E4 /* Frameworks */,
				FB9166B2217F9D72006223E4 /* Resources */,
			);
			buildRules = (
			);
			dependencies = (
				FB9166B6217F9D72006223E4 /* PBXTargetDependency */,
			);
			name = FoodTrackerTests;
			productName = FoodTrackerTests;
			productReference = FB9166B4217F9D72006223E4 /* FoodTrackerTests.xctest */;
			productType = "com.apple.product-type.bundle.unit-test";
		};
		FB9166BE217F9D72006223E4 /* FoodTrackerUITests */ = {
			isa = PBXNativeTarget;
			buildConfigurationList = FB9166CE217F9D72006223E4 /* Build configuration list for PBXNativeTarget "FoodTrackerUITests" */;
			buildPhases = (
				FB9166BB217F9D72006223E4 /* Sources */,
				FB9166BC217F9D72006223E4 /* Frameworks */,
				FB9166BD217F9D72006223E4 /* Resources */,
			);
			buildRules = (
			);
			dependencies = (
				FB9166C1217F9D72006223E4 /* PBXTargetDependency */,
			);
			name = FoodTrackerUITests;
			productName = FoodTrackerUITests;
			productReference = FB9166BF217F9D72006223E4 /* FoodTrackerUITests.xctest */;
			productType = "com.apple.product-type.bundle.ui-testing";
		};
/* End PBXNativeTarget section */

/* Begin PBXProject section */
		FB916698217F9D71006223E4 /* Project object */ = {
			isa = PBXProject;
			attributes = {
				LastSwiftUpdateCheck = 1000;
				LastUpgradeCheck = 1000;
				ORGANIZATIONNAME = "Michail Bondarenko";
				TargetAttributes = {
					FB91669F217F9D71006223E4 = {
						CreatedOnToolsVersion = 10.0;
					};
					FB9166B3217F9D72006223E4 = {
						CreatedOnToolsVersion = 10.0;
						TestTargetID = FB91669F217F9D71006223E4;
					};
					FB9166BE217F9D72006223E4 = {
						CreatedOnToolsVersion = 10.0;
						TestTargetID = FB91669F217F9D71006223E4;
					};
				};
			};
			buildConfigurationList = FB91669B217F9D71006223E4 /* Build configuration list for PBXProject "FoodTracker" */;
			compatibilityVersion = "Xcode 9.3";
			developmentRegion = en;
			hasScannedForEncodings = 0;
			knownRegions = (
				en,
				Base,
			);
			mainGroup = FB916697217F9D71006223E4;
			productRefGroup = FB9166A1217F9D71006223E4 /* Products */;
			projectDirPath = "";
			projectRoot = "";
			targets = (
				FB91669F217F9D71006223E4 /* FoodTracker */,
				FB9166B3217F9D72006223E4 /* FoodTrackerTests */,
				FB9166BE217F9D72006223E4 /* FoodTrackerUITests */,
			);
		};
/* End PBXProject section */

/* Begin PBXResourcesBuildPhase section */
		FB91669E217F9D71006223E4 /* Resources */ = {
			isa = PBXResourcesBuildPhase;
			buildActionMask = 2147483647;
			files = (
				FB9166AE217F9D72006223E4 /* LaunchScreen.storyboard in Resources */,
				FB9166AB217F9D72006223E4 /* Assets.xcassets in Resources */,
				FB9166A9217F9D71006223E4 /* Main.storyboard in Resources */,
			);
			runOnlyForDeploymentPostprocessing = 0;
		};
		FB9166B2217F9D72006223E4 /* Resources */ = {
			isa = PBXResourcesBuildPhase;
			buildActionMask = 2147483647;
			files = (
			);
			runOnlyForDeploymentPostprocessing = 0;
		};
		FB9166BD217F9D72006223E4 /* Resources */ = {
			isa = PBXResourcesBuildPhase;
			buildActionMask = 2147483647;
			files = (
			);
			runOnlyForDeploymentPostprocessing = 0;
		};
/* End PBXResourcesBuildPhase section */

/* Begin PBXSourcesBuildPhase section */
		FB91669C217F9D71006223E4 /* Sources */ = {
			isa = PBXSourcesBuildPhase;
			buildActionMask = 2147483647;
			files = (
				FBB2ECD12186E77E0045DBFC /* Meal.swift in Sources */,
				FB9166A6217F9D71006223E4 /* MealViewController.swift in Sources */,
				FB817B3521805D0300643973 /* RatingControl.swift in Sources */,
				FB9166A4217F9D71006223E4 /* AppDelegate.swift in Sources */,
				FBB2ECD52186F3B50045DBFC /* MealTableViewController.swift in Sources */,
				FBB2ECD32186F0370045DBFC /* MealTableViewCell.swift in Sources */,
			);
			runOnlyForDeploymentPostprocessing = 0;
		};
		FB9166B0217F9D72006223E4 /* Sources */ = {
			isa = PBXSourcesBuildPhase;
			buildActionMask = 2147483647;
			files = (
				FB9166B9217F9D72006223E4 /* FoodTrackerTests.swift in Sources */,
			);
			runOnlyForDeploymentPostprocessing = 0;
		};
		FB9166BB217F9D72006223E4 /* Sources */ = {
			isa = PBXSourcesBuildPhase;
			buildActionMask = 2147483647;
			files = (
				FB9166C4217F9D72006223E4 /* FoodTrackerUITests.swift in Sources */,
			);
			runOnlyForDeploymentPostprocessing = 0;
		};
/* End PBXSourcesBuildPhase section */

/* Begin PBXTargetDependency section */
		FB9166B6217F9D72006223E4 /* PBXTargetDependency */ = {
			isa = PBXTargetDependency;
			target = FB91669F217F9D71006223E4 /* FoodTracker */;
			targetProxy = FB9166B5217F9D72006223E4 /* PBXContainerItemProxy */;
		};
		FB9166C1217F9D72006223E4 /* PBXTargetDependency */ = {
			isa = PBXTargetDependency;
			target = FB91669F217F9D71006223E4 /* FoodTracker */;
			targetProxy = FB9166C0217F9D72006223E4 /* PBXContainerItemProxy */;
		};
/* End PBXTargetDependency section */

/* Begin PBXVariantGroup section */
		FB9166A7217F9D71006223E4 /* Main.storyboard */ = {
			isa = PBXVariantGroup;
			children = (
				FB9166A8217F9D71006223E4 /* Base */,
			);
			name = Main.storyboard;
			sourceTree = "<group>";
		};
		FB9166AC217F9D72006223E4 /* LaunchScreen.storyboard */ = {
			isa = PBXVariantGroup;
			children = (
				FB9166AD217F9D72006223E4 /* Base */,
			);
			name = LaunchScreen.storyboard;
			sourceTree = "<group>";
		};
/* End PBXVariantGroup section */

/* Begin XCBuildConfiguration section */
		FB9166C6217F9D72006223E4 /* Debug */ = {
			isa = XCBuildConfiguration;
			buildSettings = {
				ALWAYS_SEARCH_USER_PATHS = NO;
				CLANG_ANALYZER_NONNULL = YES;
				CLANG_ANALYZER_NUMBER_OBJECT_CONVERSION = YES_AGGRESSIVE;
				CLANG_CXX_LANGUAGE_STANDARD = "gnu++14";
				CLANG_CXX_LIBRARY = "libc++";
				CLANG_ENABLE_MODULES = YES;
				CLANG_ENABLE_OBJC_ARC = YES;
				CLANG_ENABLE_OBJC_WEAK = YES;
				CLANG_WARN_BLOCK_CAPTURE_AUTORELEASING = YES;
				CLANG_WARN_BOOL_CONVERSION = YES;
				CLANG_WARN_COMMA = YES;
				CLANG_WARN_CONSTANT_CONVERSION = YES;
				CLANG_WARN_DEPRECATED_OBJC_IMPLEMENTATIONS = YES;
				CLANG_WARN_DIRECT_OBJC_ISA_USAGE = YES_ERROR;
				CLANG_WARN_DOCUMENTATION_COMMENTS = YES;
				CLANG_WARN_EMPTY_BODY = YES;
				CLANG_WARN_ENUM_CONVERSION = YES;
				CLANG_WARN_INFINITE_RECURSION = YES;
				CLANG_WARN_INT_CONVERSION = YES;
				CLANG_WARN_NON_LITERAL_NULL_CONVERSION = YES;
				CLANG_WARN_OBJC_IMPLICIT_RETAIN_SELF = YES;
				CLANG_WARN_OBJC_LITERAL_CONVERSION = YES;
				CLANG_WARN_OBJC_ROOT_CLASS = YES_ERROR;
				CLANG_WARN_RANGE_LOOP_ANALYSIS = YES;
				CLANG_WARN_STRICT_PROTOTYPES = YES;
				CLANG_WARN_SUSPICIOUS_MOVE = YES;
				CLANG_WARN_UNGUARDED_AVAILABILITY = YES_AGGRESSIVE;
				CLANG_WARN_UNREACHABLE_CODE = YES;
				CLANG_WARN__DUPLICATE_METHOD_MATCH = YES;
				CODE_SIGN_IDENTITY = "iPhone Developer";
				COPY_PHASE_STRIP = NO;
				DEBUG_INFORMATION_FORMAT = dwarf;
				ENABLE_STRICT_OBJC_MSGSEND = YES;
				ENABLE_TESTABILITY = YES;
				GCC_C_LANGUAGE_STANDARD = gnu11;
				GCC_DYNAMIC_NO_PIC = NO;
				GCC_NO_COMMON_BLOCKS = YES;
				GCC_OPTIMIZATION_LEVEL = 0;
				GCC_PREPROCESSOR_DEFINITIONS = (
					"DEBUG=1",
					"$(inherited)",
				);
				GCC_WARN_64_TO_32_BIT_CONVERSION = YES;
				GCC_WARN_ABOUT_RETURN_TYPE = YES_ERROR;
				GCC_WARN_UNDECLARED_SELECTOR = YES;
				GCC_WARN_UNINITIALIZED_AUTOS = YES_AGGRESSIVE;
				GCC_WARN_UNUSED_FUNCTION = YES;
				GCC_WARN_UNUSED_VARIABLE = YES;
				IPHONEOS_DEPLOYMENT_TARGET = 12.0;
				MTL_ENABLE_DEBUG_INFO = INCLUDE_SOURCE;
				MTL_FAST_MATH = YES;
				ONLY_ACTIVE_ARCH = YES;
				SDKROOT = iphoneos;
				SWIFT_ACTIVE_COMPILATION_CONDITIONS = DEBUG;
				SWIFT_OPTIMIZATION_LEVEL = "-Onone";
			};
			name = Debug;
		};
		FB9166C7217F9D72006223E4 /* Release */ = {
			isa = XCBuildConfiguration;
			buildSettings = {
				ALWAYS_SEARCH_USER_PATHS = NO;
				CLANG_ANALYZER_NONNULL = YES;
				CLANG_ANALYZER_NUMBER_OBJECT_CONVERSION = YES_AGGRESSIVE;
				CLANG_CXX_LANGUAGE_STANDARD = "gnu++14";
				CLANG_CXX_LIBRARY = "libc++";
				CLANG_ENABLE_MODULES = YES;
				CLANG_ENABLE_OBJC_ARC = YES;
				CLANG_ENABLE_OBJC_WEAK = YES;
				CLANG_WARN_BLOCK_CAPTURE_AUTORELEASING = YES;
				CLANG_WARN_BOOL_CONVERSION = YES;
				CLANG_WARN_COMMA = YES;
				CLANG_WARN_CONSTANT_CONVERSION = YES;
				CLANG_WARN_DEPRECATED_OBJC_IMPLEMENTATIONS = YES;
				CLANG_WARN_DIRECT_OBJC_ISA_USAGE = YES_ERROR;
				CLANG_WARN_DOCUMENTATION_COMMENTS = YES;
				CLANG_WARN_EMPTY_BODY = YES;
				CLANG_WARN_ENUM_CONVERSION = YES;
				CLANG_WARN_INFINITE_RECURSION = YES;
				CLANG_WARN_INT_CONVERSION = YES;
				CLANG_WARN_NON_LITERAL_NULL_CONVERSION = YES;
				CLANG_WARN_OBJC_IMPLICIT_RETAIN_SELF = YES;
				CLANG_WARN_OBJC_LITERAL_CONVERSION = YES;
				CLANG_WARN_OBJC_ROOT_CLASS = YES_ERROR;
				CLANG_WARN_RANGE_LOOP_ANALYSIS = YES;
				CLANG_WARN_STRICT_PROTOTYPES = YES;
				CLANG_WARN_SUSPICIOUS_MOVE = YES;
				CLANG_WARN_UNGUARDED_AVAILABILITY = YES_AGGRESSIVE;
				CLANG_WARN_UNREACHABLE_CODE = YES;
				CLANG_WARN__DUPLICATE_METHOD_MATCH = YES;
				CODE_SIGN_IDENTITY = "iPhone Developer";
				COPY_PHASE_STRIP = NO;
				DEBUG_INFORMATION_FORMAT = "dwarf-with-dsym";
				ENABLE_NS_ASSERTIONS = NO;
				ENABLE_STRICT_OBJC_MSGSEND = YES;
				GCC_C_LANGUAGE_STANDARD = gnu11;
				GCC_NO_COMMON_BLOCKS = YES;
				GCC_WARN_64_TO_32_BIT_CONVERSION = YES;
				GCC_WARN_ABOUT_RETURN_TYPE = YES_ERROR;
				GCC_WARN_UNDECLARED_SELECTOR = YES;
				GCC_WARN_UNINITIALIZED_AUTOS = YES_AGGRESSIVE;
				GCC_WARN_UNUSED_FUNCTION = YES;
				GCC_WARN_UNUSED_VARIABLE = YES;
				IPHONEOS_DEPLOYMENT_TARGET = 12.0;
				MTL_ENABLE_DEBUG_INFO = NO;
				MTL_FAST_MATH = YES;
				SDKROOT = iphoneos;
				SWIFT_COMPILATION_MODE = wholemodule;
				SWIFT_OPTIMIZATION_LEVEL = "-O";
				VALIDATE_PRODUCT = YES;
			};
			name = Release;
		};
		FB9166C9217F9D72006223E4 /* Debug */ = {
			isa = XCBuildConfiguration;
			buildSettings = {
				ASSETCATALOG_COMPILER_APPICON_NAME = AppIcon;
				CODE_SIGN_STYLE = Automatic;
				INFOPLIST_FILE = FoodTracker/Info.plist;
				IPHONEOS_DEPLOYMENT_TARGET = 11.0;
				LD_RUNPATH_SEARCH_PATHS = (
					"$(inherited)",
					"@executable_path/Frameworks",
				);
				PRODUCT_BUNDLE_IDENTIFIER = com.mcmikius.FoodTracker;
				PRODUCT_NAME = "$(TARGET_NAME)";
				SWIFT_VERSION = 3.0;
				TARGETED_DEVICE_FAMILY = "1,2";
			};
			name = Debug;
		};
		FB9166CA217F9D72006223E4 /* Release */ = {
			isa = XCBuildConfiguration;
			buildSettings = {
				ASSETCATALOG_COMPILER_APPICON_NAME = AppIcon;
				CODE_SIGN_STYLE = Automatic;
				INFOPLIST_FILE = FoodTracker/Info.plist;
				IPHONEOS_DEPLOYMENT_TARGET = 11.0;
				LD_RUNPATH_SEARCH_PATHS = (
					"$(inherited)",
					"@executable_path/Frameworks",
				);
				PRODUCT_BUNDLE_IDENTIFIER = com.mcmikius.FoodTracker;
				PRODUCT_NAME = "$(TARGET_NAME)";
				SWIFT_VERSION = 3.0;
				TARGETED_DEVICE_FAMILY = "1,2";
			};
			name = Release;
		};
		FB9166CC217F9D72006223E4 /* Debug */ = {
			isa = XCBuildConfiguration;
			buildSettings = {
				ALWAYS_EMBED_SWIFT_STANDARD_LIBRARIES = YES;
				BUNDLE_LOADER = "$(TEST_HOST)";
				CODE_SIGN_STYLE = Automatic;
				INFOPLIST_FILE = FoodTrackerTests/Info.plist;
				LD_RUNPATH_SEARCH_PATHS = (
					"$(inherited)",
					"@executable_path/Frameworks",
					"@loader_path/Frameworks",
				);
				PRODUCT_BUNDLE_IDENTIFIER = com.mcmikius.FoodTrackerTests;
				PRODUCT_NAME = "$(TARGET_NAME)";
				SWIFT_VERSION = 4.2;
				TARGETED_DEVICE_FAMILY = "1,2";
				TEST_HOST = "$(BUILT_PRODUCTS_DIR)/FoodTracker.app/FoodTracker";
			};
			name = Debug;
		};
		FB9166CD217F9D72006223E4 /* Release */ = {
			isa = XCBuildConfiguration;
			buildSettings = {
				ALWAYS_EMBED_SWIFT_STANDARD_LIBRARIES = YES;
				BUNDLE_LOADER = "$(TEST_HOST)";
				CODE_SIGN_STYLE = Automatic;
				INFOPLIST_FILE = FoodTrackerTests/Info.plist;
				LD_RUNPATH_SEARCH_PATHS = (
					"$(inherited)",
					"@executable_path/Frameworks",
					"@loader_path/Frameworks",
				);
				PRODUCT_BUNDLE_IDENTIFIER = com.mcmikius.FoodTrackerTests;
				PRODUCT_NAME = "$(TARGET_NAME)";
				SWIFT_VERSION = 4.2;
				TARGETED_DEVICE_FAMILY = "1,2";
				TEST_HOST = "$(BUILT_PRODUCTS_DIR)/FoodTracker.app/FoodTracker";
			};
			name = Release;
		};
		FB9166CF217F9D72006223E4 /* Debug */ = {
			isa = XCBuildConfiguration;
			buildSettings = {
				ALWAYS_EMBED_SWIFT_STANDARD_LIBRARIES = YES;
				CODE_SIGN_STYLE = Automatic;
				INFOPLIST_FILE = FoodTrackerUITests/Info.plist;
				LD_RUNPATH_SEARCH_PATHS = (
					"$(inherited)",
					"@executable_path/Frameworks",
					"@loader_path/Frameworks",
				);
				PRODUCT_BUNDLE_IDENTIFIER = com.mcmikius.FoodTrackerUITests;
				PRODUCT_NAME = "$(TARGET_NAME)";
				SWIFT_VERSION = 4.2;
				TARGETED_DEVICE_FAMILY = "1,2";
				TEST_TARGET_NAME = FoodTracker;
			};
			name = Debug;
		};
		FB9166D0217F9D72006223E4 /* Release */ = {
			isa = XCBuildConfiguration;
			buildSettings = {
				ALWAYS_EMBED_SWIFT_STANDARD_LIBRARIES = YES;
				CODE_SIGN_STYLE = Automatic;
				INFOPLIST_FILE = FoodTrackerUITests/Info.plist;
				LD_RUNPATH_SEARCH_PATHS = (
					"$(inherited)",
					"@executable_path/Frameworks",
					"@loader_path/Frameworks",
				);
				PRODUCT_BUNDLE_IDENTIFIER = com.mcmikius.FoodTrackerUITests;
				PRODUCT_NAME = "$(TARGET_NAME)";
				SWIFT_VERSION = 4.2;
				TARGETED_DEVICE_FAMILY = "1,2";
				TEST_TARGET_NAME = FoodTracker;
			};
			name = Release;
		};
/* End XCBuildConfiguration section */

/* Begin XCConfigurationList section */
		FB91669B217F9D71006223E4 /* Build configuration list for PBXProject "FoodTracker" */ = {
			isa = XCConfigurationList;
			buildConfigurations = (
				FB9166C6217F9D72006223E4 /* Debug */,
				FB9166C7217F9D72006223E4 /* Release */,
			);
			defaultConfigurationIsVisible = 0;
			defaultConfigurationName = Release;
		};
		FB9166C8217F9D72006223E4 /* Build configuration list for PBXNativeTarget "FoodTracker" */ = {
			isa = XCConfigurationList;
			buildConfigurations = (
				FB9166C9217F9D72006223E4 /* Debug */,
				FB9166CA217F9D72006223E4 /* Release */,
			);
			defaultConfigurationIsVisible = 0;
			defaultConfigurationName = Release;
		};
		FB9166CB217F9D72006223E4 /* Build configuration list for PBXNativeTarget "FoodTrackerTests" */ = {
			isa = XCConfigurationList;
			buildConfigurations = (
				FB9166CC217F9D72006223E4 /* Debug */,
				FB9166CD217F9D72006223E4 /* Release */,
			);
			defaultConfigurationIsVisible = 0;
			defaultConfigurationName = Release;
		};
		FB9166CE217F9D72006223E4 /* Build configuration list for PBXNativeTarget "FoodTrackerUITests" */ = {
			isa = XCConfigurationList;
			buildConfigurations = (
				FB9166CF217F9D72006223E4 /* Debug */,
				FB9166D0217F9D72006223E4 /* Release */,
			);
			defaultConfigurationIsVisible = 0;
			defaultConfigurationName = Release;
		};
/* End XCConfigurationList section */
	};
	rootObject = FB916698217F9D71006223E4 /* Project object */;
}
