// !$*UTF8*$!
{
	archiveVersion = 1;
	classes = {
	};
	objectVersion = 46;
	objects = {

/* Begin PBXBuildFile section */
		FB5EA81821AC07E600F27FBD /* AppDelegate.swift in Sources */ = {isa = PBXBuildFile; fileRef = FB5EA81721AC07E600F27FBD /* AppDelegate.swift */; };
		FB5EA81A21AC07E600F27FBD /* ViewController.swift in Sources */ = {isa = PBXBuildFile; fileRef = FB5EA81921AC07E600F27FBD /* ViewController.swift */; };
		FB5EA81D21AC07E600F27FBD /* Main.storyboard in Resources */ = {isa = PBXBuildFile; fileRef = FB5EA81B21AC07E600F27FBD /* Main.storyboard */; };
		FB5EA82021AC07E600F27FBD /* Planner.xcdatamodeld in Sources */ = {isa = PBXBuildFile; fileRef = FB5EA81E21AC07E600F27FBD /* Planner.xcdatamodeld */; };
		FB5EA82221AC07E600F27FBD /* Assets.xcassets in Resources */ = {isa = PBXBuildFile; fileRef = FB5EA82121AC07E600F27FBD /* Assets.xcassets */; };
		FB5EA82521AC07E600F27FBD /* LaunchScreen.storyboard in Resources */ = {isa = PBXBuildFile; fileRef = FB5EA82321AC07E600F27FBD /* LaunchScreen.storyboard */; };
		FB5EA83021AC07E600F27FBD /* PlannerTests.swift in Sources */ = {isa = PBXBuildFile; fileRef = FB5EA82F21AC07E600F27FBD /* PlannerTests.swift */; };
		FB5EA83B21AC07E600F27FBD /* PlannerUITests.swift in Sources */ = {isa = PBXBuildFile; fileRef = FB5EA83A21AC07E600F27FBD /* PlannerUITests.swift */; };
/* End PBXBuildFile section */

/* Begin PBXContainerItemProxy section */
		FB5EA82C21AC07E600F27FBD /* PBXContainerItemProxy */ = {
			isa = PBXContainerItemProxy;
			containerPortal = FB5EA80C21AC07E600F27FBD /* Project object */;
			proxyType = 1;
			remoteGlobalIDString = FB5EA81321AC07E600F27FBD;
			remoteInfo = Planner;
		};
		FB5EA83721AC07E600F27FBD /* PBXContainerItemProxy */ = {
			isa = PBXContainerItemProxy;
			containerPortal = FB5EA80C21AC07E600F27FBD /* Project object */;
			proxyType = 1;
			remoteGlobalIDString = FB5EA81321AC07E600F27FBD;
			remoteInfo = Planner;
		};
/* End PBXContainerItemProxy section */

/* Begin PBXFileReference section */
		FB5EA81421AC07E600F27FBD /* Planner.app */ = {isa = PBXFileReference; explicitFileType = wrapper.application; includeInIndex = 0; path = Planner.app; sourceTree = BUILT_PRODUCTS_DIR; };
		FB5EA81721AC07E600F27FBD /* AppDelegate.swift */ = {isa = PBXFileReference; lastKnownFileType = sourcecode.swift; path = AppDelegate.swift; sourceTree = "<group>"; };
		FB5EA81921AC07E600F27FBD /* ViewController.swift */ = {isa = PBXFileReference; lastKnownFileType = sourcecode.swift; path = ViewController.swift; sourceTree = "<group>"; };
		FB5EA81C21AC07E600F27FBD /* Base */ = {isa = PBXFileReference; lastKnownFileType = file.storyboard; name = Base; path = Base.lproj/Main.storyboard; sourceTree = "<group>"; };
		FB5EA81F21AC07E600F27FBD /* Planner.xcdatamodel */ = {isa = PBXFileReference; lastKnownFileType = wrapper.xcdatamodel; path = Planner.xcdatamodel; sourceTree = "<group>"; };
		FB5EA82121AC07E600F27FBD /* Assets.xcassets */ = {isa = PBXFileReference; lastKnownFileType = folder.assetcatalog; path = Assets.xcassets; sourceTree = "<group>"; };
		FB5EA82421AC07E600F27FBD /* Base */ = {isa = PBXFileReference; lastKnownFileType = file.storyboard; name = Base; path = Base.lproj/LaunchScreen.storyboard; sourceTree = "<group>"; };
		FB5EA82621AC07E600F27FBD /* Info.plist */ = {isa = PBXFileReference; lastKnownFileType = text.plist.xml; path = Info.plist; sourceTree = "<group>"; };
		FB5EA82B21AC07E600F27FBD /* PlannerTests.xctest */ = {isa = PBXFileReference; explicitFileType = wrapper.cfbundle; includeInIndex = 0; path = PlannerTests.xctest; sourceTree = BUILT_PRODUCTS_DIR; };
		FB5EA82F21AC07E600F27FBD /* PlannerTests.swift */ = {isa = PBXFileReference; lastKnownFileType = sourcecode.swift; path = PlannerTests.swift; sourceTree = "<group>"; };
		FB5EA83121AC07E600F27FBD /* Info.plist */ = {isa = PBXFileReference; lastKnownFileType = text.plist.xml; path = Info.plist; sourceTree = "<group>"; };
		FB5EA83621AC07E600F27FBD /* PlannerUITests.xctest */ = {isa = PBXFileReference; explicitFileType = wrapper.cfbundle; includeInIndex = 0; path = PlannerUITests.xctest; sourceTree = BUILT_PRODUCTS_DIR; };
		FB5EA83A21AC07E600F27FBD /* PlannerUITests.swift */ = {isa = PBXFileReference; lastKnownFileType = sourcecode.swift; path = PlannerUITests.swift; sourceTree = "<group>"; };
		FB5EA83C21AC07E600F27FBD /* Info.plist */ = {isa = PBXFileReference; lastKnownFileType = text.plist.xml; path = Info.plist; sourceTree = "<group>"; };
/* End PBXFileReference section */

/* Begin PBXFrameworksBuildPhase section */
		FB5EA81121AC07E600F27FBD /* Frameworks */ = {
			isa = PBXFrameworksBuildPhase;
			buildActionMask = 2147483647;
			files = (
			);
			runOnlyForDeploymentPostprocessing = 0;
		};
		FB5EA82821AC07E600F27FBD /* Frameworks */ = {
			isa = PBXFrameworksBuildPhase;
			buildActionMask = 2147483647;
			files = (
			);
			runOnlyForDeploymentPostprocessing = 0;
		};
		FB5EA83321AC07E600F27FBD /* Frameworks */ = {
			isa = PBXFrameworksBuildPhase;
			buildActionMask = 2147483647;
			files = (
			);
			runOnlyForDeploymentPostprocessing = 0;
		};
/* End PBXFrameworksBuildPhase section */

/* Begin PBXGroup section */
		FB5EA80B21AC07E600F27FBD = {
			isa = PBXGroup;
			children = (
				FB5EA81621AC07E600F27FBD /* Planner */,
				FB5EA82E21AC07E600F27FBD /* PlannerTests */,
				FB5EA83921AC07E600F27FBD /* PlannerUITests */,
				FB5EA81521AC07E600F27FBD /* Products */,
			);
			sourceTree = "<group>";
		};
		FB5EA81521AC07E600F27FBD /* Products */ = {
			isa = PBXGroup;
			children = (
				FB5EA81421AC07E600F27FBD /* Planner.app */,
				FB5EA82B21AC07E600F27FBD /* PlannerTests.xctest */,
				FB5EA83621AC07E600F27FBD /* PlannerUITests.xctest */,
			);
			name = Products;
			sourceTree = "<group>";
		};
		FB5EA81621AC07E600F27FBD /* Planner */ = {
			isa = PBXGroup;
			children = (
				FB5EA81721AC07E600F27FBD /* AppDelegate.swift */,
				FB5EA81921AC07E600F27FBD /* ViewController.swift */,
				FB5EA81B21AC07E600F27FBD /* Main.storyboard */,
				FB5EA82121AC07E600F27FBD /* Assets.xcassets */,
				FB5EA82321AC07E600F27FBD /* LaunchScreen.storyboard */,
				FB5EA82621AC07E600F27FBD /* Info.plist */,
				FB5EA81E21AC07E600F27FBD /* Planner.xcdatamodeld */,
			);
			path = Planner;
			sourceTree = "<group>";
		};
		FB5EA82E21AC07E600F27FBD /* PlannerTests */ = {
			isa = PBXGroup;
			children = (
				FB5EA82F21AC07E600F27FBD /* PlannerTests.swift */,
				FB5EA83121AC07E600F27FBD /* Info.plist */,
			);
			path = PlannerTests;
			sourceTree = "<group>";
		};
		FB5EA83921AC07E600F27FBD /* PlannerUITests */ = {
			isa = PBXGroup;
			children = (
				FB5EA83A21AC07E600F27FBD /* PlannerUITests.swift */,
				FB5EA83C21AC07E600F27FBD /* Info.plist */,
			);
			path = PlannerUITests;
			sourceTree = "<group>";
		};
/* End PBXGroup section */

/* Begin PBXNativeTarget section */
		FB5EA81321AC07E600F27FBD /* Planner */ = {
			isa = PBXNativeTarget;
			buildConfigurationList = FB5EA83F21AC07E600F27FBD /* Build configuration list for PBXNativeTarget "Planner" */;
			buildPhases = (
				FB5EA81021AC07E600F27FBD /* Sources */,
				FB5EA81121AC07E600F27FBD /* Frameworks */,
				FB5EA81221AC07E600F27FBD /* Resources */,
			);
			buildRules = (
			);
			dependencies = (
			);
			name = Planner;
			productName = Planner;
			productReference = FB5EA81421AC07E600F27FBD /* Planner.app */;
			productType = "com.apple.product-type.application";
		};
		FB5EA82A21AC07E600F27FBD /* PlannerTests */ = {
			isa = PBXNativeTarget;
			buildConfigurationList = FB5EA84221AC07E600F27FBD /* Build configuration list for PBXNativeTarget "PlannerTests" */;
			buildPhases = (
				FB5EA82721AC07E600F27FBD /* Sources */,
				FB5EA82821AC07E600F27FBD /* Frameworks */,
				FB5EA82921AC07E600F27FBD /* Resources */,
			);
			buildRules = (
			);
			dependencies = (
				FB5EA82D21AC07E600F27FBD /* PBXTargetDependency */,
			);
			name = PlannerTests;
			productName = PlannerTests;
			productReference = FB5EA82B21AC07E600F27FBD /* PlannerTests.xctest */;
			productType = "com.apple.product-type.bundle.unit-test";
		};
		FB5EA83521AC07E600F27FBD /* PlannerUITests */ = {
			isa = PBXNativeTarget;
			buildConfigurationList = FB5EA84521AC07E600F27FBD /* Build configuration list for PBXNativeTarget "PlannerUITests" */;
			buildPhases = (
				FB5EA83221AC07E600F27FBD /* Sources */,
				FB5EA83321AC07E600F27FBD /* Frameworks */,
				FB5EA83421AC07E600F27FBD /* Resources */,
			);
			buildRules = (
			);
			dependencies = (
				FB5EA83821AC07E600F27FBD /* PBXTargetDependency */,
			);
			name = PlannerUITests;
			productName = PlannerUITests;
			productReference = FB5EA83621AC07E600F27FBD /* PlannerUITests.xctest */;
			productType = "com.apple.product-type.bundle.ui-testing";
		};
/* End PBXNativeTarget section */

/* Begin PBXProject section */
		FB5EA80C21AC07E600F27FBD /* Project object */ = {
			isa = PBXProject;
			attributes = {
				LastSwiftUpdateCheck = 0730;
				LastUpgradeCheck = 0730;
				ORGANIZATIONNAME = "Michail Bondarenko";
				TargetAttributes = {
					FB5EA81321AC07E600F27FBD = {
						CreatedOnToolsVersion = 7.3.1;
					};
					FB5EA82A21AC07E600F27FBD = {
						CreatedOnToolsVersion = 7.3.1;
						TestTargetID = FB5EA81321AC07E600F27FBD;
					};
					FB5EA83521AC07E600F27FBD = {
						CreatedOnToolsVersion = 7.3.1;
						TestTargetID = FB5EA81321AC07E600F27FBD;
					};
				};
			};
			buildConfigurationList = FB5EA80F21AC07E600F27FBD /* Build configuration list for PBXProject "Planner" */;
			compatibilityVersion = "Xcode 3.2";
			developmentRegion = English;
			hasScannedForEncodings = 0;
			knownRegions = (
				en,
				Base,
			);
			mainGroup = FB5EA80B21AC07E600F27FBD;
			productRefGroup = FB5EA81521AC07E600F27FBD /* Products */;
			projectDirPath = "";
			projectRoot = "";
			targets = (
				FB5EA81321AC07E600F27FBD /* Planner */,
				FB5EA82A21AC07E600F27FBD /* PlannerTests */,
				FB5EA83521AC07E600F27FBD /* PlannerUITests */,
			);
		};
/* End PBXProject section */

/* Begin PBXResourcesBuildPhase section */
		FB5EA81221AC07E600F27FBD /* Resources */ = {
			isa = PBXResourcesBuildPhase;
			buildActionMask = 2147483647;
			files = (
				FB5EA82521AC07E600F27FBD /* LaunchScreen.storyboard in Resources */,
				FB5EA82221AC07E600F27FBD /* Assets.xcassets in Resources */,
				FB5EA81D21AC07E600F27FBD /* Main.storyboard in Resources */,
			);
			runOnlyForDeploymentPostprocessing = 0;
		};
		FB5EA82921AC07E600F27FBD /* Resources */ = {
			isa = PBXResourcesBuildPhase;
			buildActionMask = 2147483647;
			files = (
			);
			runOnlyForDeploymentPostprocessing = 0;
		};
		FB5EA83421AC07E600F27FBD /* Resources */ = {
			isa = PBXResourcesBuildPhase;
			buildActionMask = 2147483647;
			files = (
			);
			runOnlyForDeploymentPostprocessing = 0;
		};
/* End PBXResourcesBuildPhase section */

/* Begin PBXSourcesBuildPhase section */
		FB5EA81021AC07E600F27FBD /* Sources */ = {
			isa = PBXSourcesBuildPhase;
			buildActionMask = 2147483647;
			files = (
				FB5EA81A21AC07E600F27FBD /* ViewController.swift in Sources */,
				FB5EA81821AC07E600F27FBD /* AppDelegate.swift in Sources */,
				FB5EA82021AC07E600F27FBD /* Planner.xcdatamodeld in Sources */,
			);
			runOnlyForDeploymentPostprocessing = 0;
		};
		FB5EA82721AC07E600F27FBD /* Sources */ = {
			isa = PBXSourcesBuildPhase;
			buildActionMask = 2147483647;
			files = (
				FB5EA83021AC07E600F27FBD /* PlannerTests.swift in Sources */,
			);
			runOnlyForDeploymentPostprocessing = 0;
		};
		FB5EA83221AC07E600F27FBD /* Sources */ = {
			isa = PBXSourcesBuildPhase;
			buildActionMask = 2147483647;
			files = (
				FB5EA83B21AC07E600F27FBD /* PlannerUITests.swift in Sources */,
			);
			runOnlyForDeploymentPostprocessing = 0;
		};
/* End PBXSourcesBuildPhase section */

/* Begin PBXTargetDependency section */
		FB5EA82D21AC07E600F27FBD /* PBXTargetDependency */ = {
			isa = PBXTargetDependency;
			target = FB5EA81321AC07E600F27FBD /* Planner */;
			targetProxy = FB5EA82C21AC07E600F27FBD /* PBXContainerItemProxy */;
		};
		FB5EA83821AC07E600F27FBD /* PBXTargetDependency */ = {
			isa = PBXTargetDependency;
			target = FB5EA81321AC07E600F27FBD /* Planner */;
			targetProxy = FB5EA83721AC07E600F27FBD /* PBXContainerItemProxy */;
		};
/* End PBXTargetDependency section */

/* Begin PBXVariantGroup section */
		FB5EA81B21AC07E600F27FBD /* Main.storyboard */ = {
			isa = PBXVariantGroup;
			children = (
				FB5EA81C21AC07E600F27FBD /* Base */,
			);
			name = Main.storyboard;
			sourceTree = "<group>";
		};
		FB5EA82321AC07E600F27FBD /* LaunchScreen.storyboard */ = {
			isa = PBXVariantGroup;
			children = (
				FB5EA82421AC07E600F27FBD /* Base */,
			);
			name = LaunchScreen.storyboard;
			sourceTree = "<group>";
		};
/* End PBXVariantGroup section */

/* Begin XCBuildConfiguration section */
		FB5EA83D21AC07E600F27FBD /* Debug */ = {
			isa = XCBuildConfiguration;
			buildSettings = {
				ALWAYS_SEARCH_USER_PATHS = NO;
				CLANG_ANALYZER_NONNULL = YES;
				CLANG_CXX_LANGUAGE_STANDARD = "gnu++0x";
				CLANG_CXX_LIBRARY = "libc++";
				CLANG_ENABLE_MODULES = YES;
				CLANG_ENABLE_OBJC_ARC = YES;
				CLANG_WARN_BOOL_CONVERSION = YES;
				CLANG_WARN_CONSTANT_CONVERSION = YES;
				CLANG_WARN_DIRECT_OBJC_ISA_USAGE = YES_ERROR;
				CLANG_WARN_EMPTY_BODY = YES;
				CLANG_WARN_ENUM_CONVERSION = YES;
				CLANG_WARN_INT_CONVERSION = YES;
				CLANG_WARN_OBJC_ROOT_CLASS = YES_ERROR;
				CLANG_WARN_UNREACHABLE_CODE = YES;
				CLANG_WARN__DUPLICATE_METHOD_MATCH = YES;
				"CODE_SIGN_IDENTITY[sdk=iphoneos*]" = "iPhone Developer";
				COPY_PHASE_STRIP = NO;
				DEBUG_INFORMATION_FORMAT = dwarf;
				ENABLE_STRICT_OBJC_MSGSEND = YES;
				ENABLE_TESTABILITY = YES;
				GCC_C_LANGUAGE_STANDARD = gnu99;
				GCC_DYNAMIC_NO_PIC = NO;
				GCC_NO_COMMON_BLOCKS = YES;
				GCC_OPTIMIZATION_LEVEL = 0;
				GCC_PREPROCESSOR_DEFINITIONS = (
					"DEBUG=1",
					"$(inherited)",
				);
				GCC_WARN_64_TO_32_BIT_CONVERSION = YES;
				GCC_WARN_ABOUT_RETURN_TYPE = YES_ERROR;
				GCC_WARN_UNDECLARED_SELECTOR = YES;
				GCC_WARN_UNINITIALIZED_AUTOS = YES_AGGRESSIVE;
				GCC_WARN_UNUSED_FUNCTION = YES;
				GCC_WARN_UNUSED_VARIABLE = YES;
				IPHONEOS_DEPLOYMENT_TARGET = 9.3;
				MTL_ENABLE_DEBUG_INFO = YES;
				ONLY_ACTIVE_ARCH = YES;
				SDKROOT = iphoneos;
				SWIFT_OPTIMIZATION_LEVEL = "-Onone";
			};
			name = Debug;
		};
		FB5EA83E21AC07E600F27FBD /* Release */ = {
			isa = XCBuildConfiguration;
			buildSettings = {
				ALWAYS_SEARCH_USER_PATHS = NO;
				CLANG_ANALYZER_NONNULL = YES;
				CLANG_CXX_LANGUAGE_STANDARD = "gnu++0x";
				CLANG_CXX_LIBRARY = "libc++";
				CLANG_ENABLE_MODULES = YES;
				CLANG_ENABLE_OBJC_ARC = YES;
				CLANG_WARN_BOOL_CONVERSION = YES;
				CLANG_WARN_CONSTANT_CONVERSION = YES;
				CLANG_WARN_DIRECT_OBJC_ISA_USAGE = YES_ERROR;
				CLANG_WARN_EMPTY_BODY = YES;
				CLANG_WARN_ENUM_CONVERSION = YES;
				CLANG_WARN_INT_CONVERSION = YES;
				CLANG_WARN_OBJC_ROOT_CLASS = YES_ERROR;
				CLANG_WARN_UNREACHABLE_CODE = YES;
				CLANG_WARN__DUPLICATE_METHOD_MATCH = YES;
				"CODE_SIGN_IDENTITY[sdk=iphoneos*]" = "iPhone Developer";
				COPY_PHASE_STRIP = NO;
				DEBUG_INFORMATION_FORMAT = "dwarf-with-dsym";
				ENABLE_NS_ASSERTIONS = NO;
				ENABLE_STRICT_OBJC_MSGSEND = YES;
				GCC_C_LANGUAGE_STANDARD = gnu99;
				GCC_NO_COMMON_BLOCKS = YES;
				GCC_WARN_64_TO_32_BIT_CONVERSION = YES;
				GCC_WARN_ABOUT_RETURN_TYPE = YES_ERROR;
				GCC_WARN_UNDECLARED_SELECTOR = YES;
				GCC_WARN_UNINITIALIZED_AUTOS = YES_AGGRESSIVE;
				GCC_WARN_UNUSED_FUNCTION = YES;
				GCC_WARN_UNUSED_VARIABLE = YES;
				IPHONEOS_DEPLOYMENT_TARGET = 9.3;
				MTL_ENABLE_DEBUG_INFO = NO;
				SDKROOT = iphoneos;
				VALIDATE_PRODUCT = YES;
			};
			name = Release;
		};
		FB5EA84021AC07E600F27FBD /* Debug */ = {
			isa = XCBuildConfiguration;
			buildSettings = {
				ASSETCATALOG_COMPILER_APPICON_NAME = AppIcon;
				INFOPLIST_FILE = Planner/Info.plist;
				LD_RUNPATH_SEARCH_PATHS = "$(inherited) @executable_path/Frameworks";
				PRODUCT_BUNDLE_IDENTIFIER = mcmikius.Planner;
				PRODUCT_NAME = "$(TARGET_NAME)";
			};
			name = Debug;
		};
		FB5EA84121AC07E600F27FBD /* Release */ = {
			isa = XCBuildConfiguration;
			buildSettings = {
				ASSETCATALOG_COMPILER_APPICON_NAME = AppIcon;
				INFOPLIST_FILE = Planner/Info.plist;
				LD_RUNPATH_SEARCH_PATHS = "$(inherited) @executable_path/Frameworks";
				PRODUCT_BUNDLE_IDENTIFIER = mcmikius.Planner;
				PRODUCT_NAME = "$(TARGET_NAME)";
			};
			name = Release;
		};
		FB5EA84321AC07E600F27FBD /* Debug */ = {
			isa = XCBuildConfiguration;
			buildSettings = {
				BUNDLE_LOADER = "$(TEST_HOST)";
				INFOPLIST_FILE = PlannerTests/Info.plist;
				LD_RUNPATH_SEARCH_PATHS = "$(inherited) @executable_path/Frameworks @loader_path/Frameworks";
				PRODUCT_BUNDLE_IDENTIFIER = mcmikius.PlannerTests;
				PRODUCT_NAME = "$(TARGET_NAME)";
				TEST_HOST = "$(BUILT_PRODUCTS_DIR)/Planner.app/Planner";
			};
			name = Debug;
		};
		FB5EA84421AC07E600F27FBD /* Release */ = {
			isa = XCBuildConfiguration;
			buildSettings = {
				BUNDLE_LOADER = "$(TEST_HOST)";
				INFOPLIST_FILE = PlannerTests/Info.plist;
				LD_RUNPATH_SEARCH_PATHS = "$(inherited) @executable_path/Frameworks @loader_path/Frameworks";
				PRODUCT_BUNDLE_IDENTIFIER = mcmikius.PlannerTests;
				PRODUCT_NAME = "$(TARGET_NAME)";
				TEST_HOST = "$(BUILT_PRODUCTS_DIR)/Planner.app/Planner";
			};
			name = Release;
		};
		FB5EA84621AC07E600F27FBD /* Debug */ = {
			isa = XCBuildConfiguration;
			buildSettings = {
				INFOPLIST_FILE = PlannerUITests/Info.plist;
				LD_RUNPATH_SEARCH_PATHS = "$(inherited) @executable_path/Frameworks @loader_path/Frameworks";
				PRODUCT_BUNDLE_IDENTIFIER = mcmikius.PlannerUITests;
				PRODUCT_NAME = "$(TARGET_NAME)";
				TEST_TARGET_NAME = Planner;
			};
			name = Debug;
		};
		FB5EA84721AC07E600F27FBD /* Release */ = {
			isa = XCBuildConfiguration;
			buildSettings = {
				INFOPLIST_FILE = PlannerUITests/Info.plist;
				LD_RUNPATH_SEARCH_PATHS = "$(inherited) @executable_path/Frameworks @loader_path/Frameworks";
				PRODUCT_BUNDLE_IDENTIFIER = mcmikius.PlannerUITests;
				PRODUCT_NAME = "$(TARGET_NAME)";
				TEST_TARGET_NAME = Planner;
			};
			name = Release;
		};
/* End XCBuildConfiguration section */

/* Begin XCConfigurationList section */
		FB5EA80F21AC07E600F27FBD /* Build configuration list for PBXProject "Planner" */ = {
			isa = XCConfigurationList;
			buildConfigurations = (
				FB5EA83D21AC07E600F27FBD /* Debug */,
				FB5EA83E21AC07E600F27FBD /* Release */,
			);
			defaultConfigurationIsVisible = 0;
			defaultConfigurationName = Release;
		};
		FB5EA83F21AC07E600F27FBD /* Build configuration list for PBXNativeTarget "Planner" */ = {
			isa = XCConfigurationList;
			buildConfigurations = (
				FB5EA84021AC07E600F27FBD /* Debug */,
				FB5EA84121AC07E600F27FBD /* Release */,
			);
			defaultConfigurationIsVisible = 0;
		};
		FB5EA84221AC07E600F27FBD /* Build configuration list for PBXNativeTarget "PlannerTests" */ = {
			isa = XCConfigurationList;
			buildConfigurations = (
				FB5EA84321AC07E600F27FBD /* Debug */,
				FB5EA84421AC07E600F27FBD /* Release */,
			);
			defaultConfigurationIsVisible = 0;
		};
		FB5EA84521AC07E600F27FBD /* Build configuration list for PBXNativeTarget "PlannerUITests" */ = {
			isa = XCConfigurationList;
			buildConfigurations = (
				FB5EA84621AC07E600F27FBD /* Debug */,
				FB5EA84721AC07E600F27FBD /* Release */,
			);
			defaultConfigurationIsVisible = 0;
		};
/* End XCConfigurationList section */

/* Begin XCVersionGroup section */
		FB5EA81E21AC07E600F27FBD /* Planner.xcdatamodeld */ = {
			isa = XCVersionGroup;
			children = (
				FB5EA81F21AC07E600F27FBD /* Planner.xcdatamodel */,
			);
			currentVersion = FB5EA81F21AC07E600F27FBD /* Planner.xcdatamodel */;
			path = Planner.xcdatamodeld;
			sourceTree = "<group>";
			versionGroupType = wrapper.xcdatamodel;
		};
/* End XCVersionGroup section */
	};
	rootObject = FB5EA80C21AC07E600F27FBD /* Project object */;
}
