// !$*UTF8*$!
{
	archiveVersion = 1;
	classes = {
	};
	objectVersion = 50;
	objects = {

/* Begin PBXBuildFile section */
		FB7095EE221ECCE40013B1D8 /* AppDelegate.swift in Sources */ = {isa = PBXBuildFile; fileRef = FB7095ED221ECCE40013B1D8 /* AppDelegate.swift */; };
		FB7095F3221ECCE40013B1D8 /* Main.storyboard in Resources */ = {isa = PBXBuildFile; fileRef = FB7095F1221ECCE40013B1D8 /* Main.storyboard */; };
		FB7095F6221ECCE40013B1D8 /* ChatAppLessons.xcdatamodeld in Sources */ = {isa = PBXBuildFile; fileRef = FB7095F4221ECCE40013B1D8 /* ChatAppLessons.xcdatamodeld */; };
		FB7095F8221ECCE60013B1D8 /* Assets.xcassets in Resources */ = {isa = PBXBuildFile; fileRef = FB7095F7221ECCE60013B1D8 /* Assets.xcassets */; };
		FB7095FB221ECCE60013B1D8 /* LaunchScreen.storyboard in Resources */ = {isa = PBXBuildFile; fileRef = FB7095F9221ECCE60013B1D8 /* LaunchScreen.storyboard */; };
		FB709603221ED0E40013B1D8 /* ChatListTableViewController.swift in Sources */ = {isa = PBXBuildFile; fileRef = FB709602221ED0E40013B1D8 /* ChatListTableViewController.swift */; };
		FB709609221ED3C10013B1D8 /* ChatListTableViewCell.swift in Sources */ = {isa = PBXBuildFile; fileRef = FB709608221ED3C10013B1D8 /* ChatListTableViewCell.swift */; };
		FB709611221F0D4E0013B1D8 /* ChatListControllerExtension.swift in Sources */ = {isa = PBXBuildFile; fileRef = FB709610221F0D4E0013B1D8 /* ChatListControllerExtension.swift */; };
/* End PBXBuildFile section */

/* Begin PBXFileReference section */
		FB7095EA221ECCE40013B1D8 /* ChatAppLessons.app */ = {isa = PBXFileReference; explicitFileType = wrapper.application; includeInIndex = 0; path = ChatAppLessons.app; sourceTree = BUILT_PRODUCTS_DIR; };
		FB7095ED221ECCE40013B1D8 /* AppDelegate.swift */ = {isa = PBXFileReference; lastKnownFileType = sourcecode.swift; path = AppDelegate.swift; sourceTree = "<group>"; };
		FB7095F2221ECCE40013B1D8 /* Base */ = {isa = PBXFileReference; lastKnownFileType = file.storyboard; name = Base; path = Base.lproj/Main.storyboard; sourceTree = "<group>"; };
		FB7095F5221ECCE40013B1D8 /* ChatAppLessons.xcdatamodel */ = {isa = PBXFileReference; lastKnownFileType = wrapper.xcdatamodel; path = ChatAppLessons.xcdatamodel; sourceTree = "<group>"; };
		FB7095F7221ECCE60013B1D8 /* Assets.xcassets */ = {isa = PBXFileReference; lastKnownFileType = folder.assetcatalog; path = Assets.xcassets; sourceTree = "<group>"; };
		FB7095FA221ECCE60013B1D8 /* Base */ = {isa = PBXFileReference; lastKnownFileType = file.storyboard; name = Base; path = Base.lproj/LaunchScreen.storyboard; sourceTree = "<group>"; };
		FB7095FC221ECCE60013B1D8 /* Info.plist */ = {isa = PBXFileReference; lastKnownFileType = text.plist.xml; path = Info.plist; sourceTree = "<group>"; };
		FB709602221ED0E40013B1D8 /* ChatListTableViewController.swift */ = {isa = PBXFileReference; lastKnownFileType = sourcecode.swift; path = ChatListTableViewController.swift; sourceTree = "<group>"; };
		FB709608221ED3C10013B1D8 /* ChatListTableViewCell.swift */ = {isa = PBXFileReference; lastKnownFileType = sourcecode.swift; path = ChatListTableViewCell.swift; sourceTree = "<group>"; };
		FB709610221F0D4E0013B1D8 /* ChatListControllerExtension.swift */ = {isa = PBXFileReference; lastKnownFileType = sourcecode.swift; path = ChatListControllerExtension.swift; sourceTree = "<group>"; };
/* End PBXFileReference section */

/* Begin PBXFrameworksBuildPhase section */
		FB7095E7221ECCE40013B1D8 /* Frameworks */ = {
			isa = PBXFrameworksBuildPhase;
			buildActionMask = 2147483647;
			files = (
			);
			runOnlyForDeploymentPostprocessing = 0;
		};
/* End PBXFrameworksBuildPhase section */

/* Begin PBXGroup section */
		FB7095E1221ECCE40013B1D8 = {
			isa = PBXGroup;
			children = (
				FB7095EC221ECCE40013B1D8 /* ChatAppLessons */,
				FB7095EB221ECCE40013B1D8 /* Products */,
			);
			sourceTree = "<group>";
		};
		FB7095EB221ECCE40013B1D8 /* Products */ = {
			isa = PBXGroup;
			children = (
				FB7095EA221ECCE40013B1D8 /* ChatAppLessons.app */,
			);
			name = Products;
			sourceTree = "<group>";
		};
		FB7095EC221ECCE40013B1D8 /* ChatAppLessons */ = {
			isa = PBXGroup;
			children = (
				FB7095ED221ECCE40013B1D8 /* AppDelegate.swift */,
				FB709602221ED0E40013B1D8 /* ChatListTableViewController.swift */,
				FB709608221ED3C10013B1D8 /* ChatListTableViewCell.swift */,
				FB7095F1221ECCE40013B1D8 /* Main.storyboard */,
				FB7095F7221ECCE60013B1D8 /* Assets.xcassets */,
				FB7095F9221ECCE60013B1D8 /* LaunchScreen.storyboard */,
				FB7095FC221ECCE60013B1D8 /* Info.plist */,
				FB7095F4221ECCE40013B1D8 /* ChatAppLessons.xcdatamodeld */,
				FB709610221F0D4E0013B1D8 /* ChatListControllerExtension.swift */,
			);
			path = ChatAppLessons;
			sourceTree = "<group>";
		};
/* End PBXGroup section */

/* Begin PBXNativeTarget section */
		FB7095E9221ECCE40013B1D8 /* ChatAppLessons */ = {
			isa = PBXNativeTarget;
			buildConfigurationList = FB7095FF221ECCE60013B1D8 /* Build configuration list for PBXNativeTarget "ChatAppLessons" */;
			buildPhases = (
				FB7095E6221ECCE40013B1D8 /* Sources */,
				FB7095E7221ECCE40013B1D8 /* Frameworks */,
				FB7095E8221ECCE40013B1D8 /* Resources */,
			);
			buildRules = (
			);
			dependencies = (
			);
			name = ChatAppLessons;
			productName = ChatAppLessons;
			productReference = FB7095EA221ECCE40013B1D8 /* ChatAppLessons.app */;
			productType = "com.apple.product-type.application";
		};
/* End PBXNativeTarget section */

/* Begin PBXProject section */
		FB7095E2221ECCE40013B1D8 /* Project object */ = {
			isa = PBXProject;
			attributes = {
				LastSwiftUpdateCheck = 1010;
				LastUpgradeCheck = 1010;
				ORGANIZATIONNAME = "Michail Bondarenko";
				TargetAttributes = {
					FB7095E9221ECCE40013B1D8 = {
						CreatedOnToolsVersion = 10.1;
					};
				};
			};
			buildConfigurationList = FB7095E5221ECCE40013B1D8 /* Build configuration list for PBXProject "ChatAppLessons" */;
			compatibilityVersion = "Xcode 9.3";
			developmentRegion = en;
			hasScannedForEncodings = 0;
			knownRegions = (
				en,
				Base,
			);
			mainGroup = FB7095E1221ECCE40013B1D8;
			productRefGroup = FB7095EB221ECCE40013B1D8 /* Products */;
			projectDirPath = "";
			projectRoot = "";
			targets = (
				FB7095E9221ECCE40013B1D8 /* ChatAppLessons */,
			);
		};
/* End PBXProject section */

/* Begin PBXResourcesBuildPhase section */
		FB7095E8221ECCE40013B1D8 /* Resources */ = {
			isa = PBXResourcesBuildPhase;
			buildActionMask = 2147483647;
			files = (
				FB7095FB221ECCE60013B1D8 /* LaunchScreen.storyboard in Resources */,
				FB7095F8221ECCE60013B1D8 /* Assets.xcassets in Resources */,
				FB7095F3221ECCE40013B1D8 /* Main.storyboard in Resources */,
			);
			runOnlyForDeploymentPostprocessing = 0;
		};
/* End PBXResourcesBuildPhase section */

/* Begin PBXSourcesBuildPhase section */
		FB7095E6221ECCE40013B1D8 /* Sources */ = {
			isa = PBXSourcesBuildPhase;
			buildActionMask = 2147483647;
			files = (
				FB7095EE221ECCE40013B1D8 /* AppDelegate.swift in Sources */,
				FB709611221F0D4E0013B1D8 /* ChatListControllerExtension.swift in Sources */,
				FB709609221ED3C10013B1D8 /* ChatListTableViewCell.swift in Sources */,
				FB709603221ED0E40013B1D8 /* ChatListTableViewController.swift in Sources */,
				FB7095F6221ECCE40013B1D8 /* ChatAppLessons.xcdatamodeld in Sources */,
			);
			runOnlyForDeploymentPostprocessing = 0;
		};
/* End PBXSourcesBuildPhase section */

/* Begin PBXVariantGroup section */
		FB7095F1221ECCE40013B1D8 /* Main.storyboard */ = {
			isa = PBXVariantGroup;
			children = (
				FB7095F2221ECCE40013B1D8 /* Base */,
			);
			name = Main.storyboard;
			sourceTree = "<group>";
		};
		FB7095F9221ECCE60013B1D8 /* LaunchScreen.storyboard */ = {
			isa = PBXVariantGroup;
			children = (
				FB7095FA221ECCE60013B1D8 /* Base */,
			);
			name = LaunchScreen.storyboard;
			sourceTree = "<group>";
		};
/* End PBXVariantGroup section */

/* Begin XCBuildConfiguration section */
		FB7095FD221ECCE60013B1D8 /* Debug */ = {
			isa = XCBuildConfiguration;
			buildSettings = {
				ALWAYS_SEARCH_USER_PATHS = NO;
				CLANG_ANALYZER_NONNULL = YES;
				CLANG_ANALYZER_NUMBER_OBJECT_CONVERSION = YES_AGGRESSIVE;
				CLANG_CXX_LANGUAGE_STANDARD = "gnu++14";
				CLANG_CXX_LIBRARY = "libc++";
				CLANG_ENABLE_MODULES = YES;
				CLANG_ENABLE_OBJC_ARC = YES;
				CLANG_ENABLE_OBJC_WEAK = YES;
				CLANG_WARN_BLOCK_CAPTURE_AUTORELEASING = YES;
				CLANG_WARN_BOOL_CONVERSION = YES;
				CLANG_WARN_COMMA = YES;
				CLANG_WARN_CONSTANT_CONVERSION = YES;
				CLANG_WARN_DEPRECATED_OBJC_IMPLEMENTATIONS = YES;
				CLANG_WARN_DIRECT_OBJC_ISA_USAGE = YES_ERROR;
				CLANG_WARN_DOCUMENTATION_COMMENTS = YES;
				CLANG_WARN_EMPTY_BODY = YES;
				CLANG_WARN_ENUM_CONVERSION = YES;
				CLANG_WARN_INFINITE_RECURSION = YES;
				CLANG_WARN_INT_CONVERSION = YES;
				CLANG_WARN_NON_LITERAL_NULL_CONVERSION = YES;
				CLANG_WARN_OBJC_IMPLICIT_RETAIN_SELF = YES;
				CLANG_WARN_OBJC_LITERAL_CONVERSION = YES;
				CLANG_WARN_OBJC_ROOT_CLASS = YES_ERROR;
				CLANG_WARN_RANGE_LOOP_ANALYSIS = YES;
				CLANG_WARN_STRICT_PROTOTYPES = YES;
				CLANG_WARN_SUSPICIOUS_MOVE = YES;
				CLANG_WARN_UNGUARDED_AVAILABILITY = YES_AGGRESSIVE;
				CLANG_WARN_UNREACHABLE_CODE = YES;
				CLANG_WARN__DUPLICATE_METHOD_MATCH = YES;
				CODE_SIGN_IDENTITY = "iPhone Developer";
				COPY_PHASE_STRIP = NO;
				DEBUG_INFORMATION_FORMAT = dwarf;
				ENABLE_STRICT_OBJC_MSGSEND = YES;
				ENABLE_TESTABILITY = YES;
				GCC_C_LANGUAGE_STANDARD = gnu11;
				GCC_DYNAMIC_NO_PIC = NO;
				GCC_NO_COMMON_BLOCKS = YES;
				GCC_OPTIMIZATION_LEVEL = 0;
				GCC_PREPROCESSOR_DEFINITIONS = (
					"DEBUG=1",
					"$(inherited)",
				);
				GCC_WARN_64_TO_32_BIT_CONVERSION = YES;
				GCC_WARN_ABOUT_RETURN_TYPE = YES_ERROR;
				GCC_WARN_UNDECLARED_SELECTOR = YES;
				GCC_WARN_UNINITIALIZED_AUTOS = YES_AGGRESSIVE;
				GCC_WARN_UNUSED_FUNCTION = YES;
				GCC_WARN_UNUSED_VARIABLE = YES;
				IPHONEOS_DEPLOYMENT_TARGET = 12.1;
				MTL_ENABLE_DEBUG_INFO = INCLUDE_SOURCE;
				MTL_FAST_MATH = YES;
				ONLY_ACTIVE_ARCH = YES;
				SDKROOT = iphoneos;
				SWIFT_ACTIVE_COMPILATION_CONDITIONS = DEBUG;
				SWIFT_OPTIMIZATION_LEVEL = "-Onone";
			};
			name = Debug;
		};
		FB7095FE221ECCE60013B1D8 /* Release */ = {
			isa = XCBuildConfiguration;
			buildSettings = {
				ALWAYS_SEARCH_USER_PATHS = NO;
				CLANG_ANALYZER_NONNULL = YES;
				CLANG_ANALYZER_NUMBER_OBJECT_CONVERSION = YES_AGGRESSIVE;
				CLANG_CXX_LANGUAGE_STANDARD = "gnu++14";
				CLANG_CXX_LIBRARY = "libc++";
				CLANG_ENABLE_MODULES = YES;
				CLANG_ENABLE_OBJC_ARC = YES;
				CLANG_ENABLE_OBJC_WEAK = YES;
				CLANG_WARN_BLOCK_CAPTURE_AUTORELEASING = YES;
				CLANG_WARN_BOOL_CONVERSION = YES;
				CLANG_WARN_COMMA = YES;
				CLANG_WARN_CONSTANT_CONVERSION = YES;
				CLANG_WARN_DEPRECATED_OBJC_IMPLEMENTATIONS = YES;
				CLANG_WARN_DIRECT_OBJC_ISA_USAGE = YES_ERROR;
				CLANG_WARN_DOCUMENTATION_COMMENTS = YES;
				CLANG_WARN_EMPTY_BODY = YES;
				CLANG_WARN_ENUM_CONVERSION = YES;
				CLANG_WARN_INFINITE_RECURSION = YES;
				CLANG_WARN_INT_CONVERSION = YES;
				CLANG_WARN_NON_LITERAL_NULL_CONVERSION = YES;
				CLANG_WARN_OBJC_IMPLICIT_RETAIN_SELF = YES;
				CLANG_WARN_OBJC_LITERAL_CONVERSION = YES;
				CLANG_WARN_OBJC_ROOT_CLASS = YES_ERROR;
				CLANG_WARN_RANGE_LOOP_ANALYSIS = YES;
				CLANG_WARN_STRICT_PROTOTYPES = YES;
				CLANG_WARN_SUSPICIOUS_MOVE = YES;
				CLANG_WARN_UNGUARDED_AVAILABILITY = YES_AGGRESSIVE;
				CLANG_WARN_UNREACHABLE_CODE = YES;
				CLANG_WARN__DUPLICATE_METHOD_MATCH = YES;
				CODE_SIGN_IDENTITY = "iPhone Developer";
				COPY_PHASE_STRIP = NO;
				DEBUG_INFORMATION_FORMAT = "dwarf-with-dsym";
				ENABLE_NS_ASSERTIONS = NO;
				ENABLE_STRICT_OBJC_MSGSEND = YES;
				GCC_C_LANGUAGE_STANDARD = gnu11;
				GCC_NO_COMMON_BLOCKS = YES;
				GCC_WARN_64_TO_32_BIT_CONVERSION = YES;
				GCC_WARN_ABOUT_RETURN_TYPE = YES_ERROR;
				GCC_WARN_UNDECLARED_SELECTOR = YES;
				GCC_WARN_UNINITIALIZED_AUTOS = YES_AGGRESSIVE;
				GCC_WARN_UNUSED_FUNCTION = YES;
				GCC_WARN_UNUSED_VARIABLE = YES;
				IPHONEOS_DEPLOYMENT_TARGET = 12.1;
				MTL_ENABLE_DEBUG_INFO = NO;
				MTL_FAST_MATH = YES;
				SDKROOT = iphoneos;
				SWIFT_COMPILATION_MODE = wholemodule;
				SWIFT_OPTIMIZATION_LEVEL = "-O";
				VALIDATE_PRODUCT = YES;
			};
			name = Release;
		};
		FB709600221ECCE60013B1D8 /* Debug */ = {
			isa = XCBuildConfiguration;
			buildSettings = {
				ASSETCATALOG_COMPILER_APPICON_NAME = AppIcon;
				CODE_SIGN_STYLE = Automatic;
				DEVELOPMENT_TEAM = GYWWW55376;
				INFOPLIST_FILE = ChatAppLessons/Info.plist;
				LD_RUNPATH_SEARCH_PATHS = (
					"$(inherited)",
					"@executable_path/Frameworks",
				);
				PRODUCT_BUNDLE_IDENTIFIER = com.mcmikius.ChatAppLessons;
				PRODUCT_NAME = "$(TARGET_NAME)";
				SWIFT_VERSION = 4.2;
				TARGETED_DEVICE_FAMILY = "1,2";
			};
			name = Debug;
		};
		FB709601221ECCE60013B1D8 /* Release */ = {
			isa = XCBuildConfiguration;
			buildSettings = {
				ASSETCATALOG_COMPILER_APPICON_NAME = AppIcon;
				CODE_SIGN_STYLE = Automatic;
				DEVELOPMENT_TEAM = GYWWW55376;
				INFOPLIST_FILE = ChatAppLessons/Info.plist;
				LD_RUNPATH_SEARCH_PATHS = (
					"$(inherited)",
					"@executable_path/Frameworks",
				);
				PRODUCT_BUNDLE_IDENTIFIER = com.mcmikius.ChatAppLessons;
				PRODUCT_NAME = "$(TARGET_NAME)";
				SWIFT_VERSION = 4.2;
				TARGETED_DEVICE_FAMILY = "1,2";
			};
			name = Release;
		};
/* End XCBuildConfiguration section */

/* Begin XCConfigurationList section */
		FB7095E5221ECCE40013B1D8 /* Build configuration list for PBXProject "ChatAppLessons" */ = {
			isa = XCConfigurationList;
			buildConfigurations = (
				FB7095FD221ECCE60013B1D8 /* Debug */,
				FB7095FE221ECCE60013B1D8 /* Release */,
			);
			defaultConfigurationIsVisible = 0;
			defaultConfigurationName = Release;
		};
		FB7095FF221ECCE60013B1D8 /* Build configuration list for PBXNativeTarget "ChatAppLessons" */ = {
			isa = XCConfigurationList;
			buildConfigurations = (
				FB709600221ECCE60013B1D8 /* Debug */,
				FB709601221ECCE60013B1D8 /* Release */,
			);
			defaultConfigurationIsVisible = 0;
			defaultConfigurationName = Release;
		};
/* End XCConfigurationList section */

/* Begin XCVersionGroup section */
		FB7095F4221ECCE40013B1D8 /* ChatAppLessons.xcdatamodeld */ = {
			isa = XCVersionGroup;
			children = (
				FB7095F5221ECCE40013B1D8 /* ChatAppLessons.xcdatamodel */,
			);
			currentVersion = FB7095F5221ECCE40013B1D8 /* ChatAppLessons.xcdatamodel */;
			path = ChatAppLessons.xcdatamodeld;
			sourceTree = "<group>";
			versionGroupType = wrapper.xcdatamodel;
		};
/* End XCVersionGroup section */
	};
	rootObject = FB7095E2221ECCE40013B1D8 /* Project object */;
}
