// !$*UTF8*$!
{
	archiveVersion = 1;
	classes = {
	};
	objectVersion = 50;
	objects = {

/* Begin PBXBuildFile section */
		FB4F947321937A5500CD727E /* SignUpPasswordViewController.swift in Sources */ = {isa = PBXBuildFile; fileRef = FB4F947221937A5500CD727E /* SignUpPasswordViewController.swift */; };
		FB9AB9F62190205A007168C8 /* AppDelegate.swift in Sources */ = {isa = PBXBuildFile; fileRef = FB9AB9F52190205A007168C8 /* AppDelegate.swift */; };
		FB9AB9F82190205A007168C8 /* ViewController.swift in Sources */ = {isa = PBXBuildFile; fileRef = FB9AB9F72190205A007168C8 /* ViewController.swift */; };
		FB9AB9FB2190205A007168C8 /* Main.storyboard in Resources */ = {isa = PBXBuildFile; fileRef = FB9AB9F92190205A007168C8 /* Main.storyboard */; };
		FB9AB9FD2190205C007168C8 /* Assets.xcassets in Resources */ = {isa = PBXBuildFile; fileRef = FB9AB9FC2190205C007168C8 /* Assets.xcassets */; };
		FB9ABA002190205C007168C8 /* LaunchScreen.storyboard in Resources */ = {isa = PBXBuildFile; fileRef = FB9AB9FE2190205C007168C8 /* LaunchScreen.storyboard */; };
		FB9ABA0B2190205C007168C8 /* LogInSignUpTests.swift in Sources */ = {isa = PBXBuildFile; fileRef = FB9ABA0A2190205C007168C8 /* LogInSignUpTests.swift */; };
		FB9ABA162190205C007168C8 /* LogInSignUpUITests.swift in Sources */ = {isa = PBXBuildFile; fileRef = FB9ABA152190205C007168C8 /* LogInSignUpUITests.swift */; };
		FBA5A0CC219376500049F872 /* SignUpEmailViewController.swift in Sources */ = {isa = PBXBuildFile; fileRef = FBA5A0CB219376500049F872 /* SignUpEmailViewController.swift */; };
		FBB98FFE2192CE6E00E7EAB0 /* SignUpEmail.storyboard in Resources */ = {isa = PBXBuildFile; fileRef = FBB98FFC2192CE6E00E7EAB0 /* SignUpEmail.storyboard */; };
/* End PBXBuildFile section */

/* Begin PBXContainerItemProxy section */
		FB9ABA072190205C007168C8 /* PBXContainerItemProxy */ = {
			isa = PBXContainerItemProxy;
			containerPortal = FB9AB9EA2190205A007168C8 /* Project object */;
			proxyType = 1;
			remoteGlobalIDString = FB9AB9F12190205A007168C8;
			remoteInfo = LogInSignUp;
		};
		FB9ABA122190205C007168C8 /* PBXContainerItemProxy */ = {
			isa = PBXContainerItemProxy;
			containerPortal = FB9AB9EA2190205A007168C8 /* Project object */;
			proxyType = 1;
			remoteGlobalIDString = FB9AB9F12190205A007168C8;
			remoteInfo = LogInSignUp;
		};
/* End PBXContainerItemProxy section */

/* Begin PBXFileReference section */
		FB4F947221937A5500CD727E /* SignUpPasswordViewController.swift */ = {isa = PBXFileReference; lastKnownFileType = sourcecode.swift; path = SignUpPasswordViewController.swift; sourceTree = "<group>"; };
		FB9AB9F22190205A007168C8 /* LogInSignUp.app */ = {isa = PBXFileReference; explicitFileType = wrapper.application; includeInIndex = 0; path = LogInSignUp.app; sourceTree = BUILT_PRODUCTS_DIR; };
		FB9AB9F52190205A007168C8 /* AppDelegate.swift */ = {isa = PBXFileReference; lastKnownFileType = sourcecode.swift; path = AppDelegate.swift; sourceTree = "<group>"; };
		FB9AB9F72190205A007168C8 /* ViewController.swift */ = {isa = PBXFileReference; lastKnownFileType = sourcecode.swift; path = ViewController.swift; sourceTree = "<group>"; };
		FB9AB9FA2190205A007168C8 /* Base */ = {isa = PBXFileReference; lastKnownFileType = file.storyboard; name = Base; path = Base.lproj/Main.storyboard; sourceTree = "<group>"; };
		FB9AB9FC2190205C007168C8 /* Assets.xcassets */ = {isa = PBXFileReference; lastKnownFileType = folder.assetcatalog; path = Assets.xcassets; sourceTree = "<group>"; };
		FB9AB9FF2190205C007168C8 /* Base */ = {isa = PBXFileReference; lastKnownFileType = file.storyboard; name = Base; path = Base.lproj/LaunchScreen.storyboard; sourceTree = "<group>"; };
		FB9ABA012190205C007168C8 /* Info.plist */ = {isa = PBXFileReference; lastKnownFileType = text.plist.xml; path = Info.plist; sourceTree = "<group>"; };
		FB9ABA062190205C007168C8 /* LogInSignUpTests.xctest */ = {isa = PBXFileReference; explicitFileType = wrapper.cfbundle; includeInIndex = 0; path = LogInSignUpTests.xctest; sourceTree = BUILT_PRODUCTS_DIR; };
		FB9ABA0A2190205C007168C8 /* LogInSignUpTests.swift */ = {isa = PBXFileReference; lastKnownFileType = sourcecode.swift; path = LogInSignUpTests.swift; sourceTree = "<group>"; };
		FB9ABA0C2190205C007168C8 /* Info.plist */ = {isa = PBXFileReference; lastKnownFileType = text.plist.xml; path = Info.plist; sourceTree = "<group>"; };
		FB9ABA112190205C007168C8 /* LogInSignUpUITests.xctest */ = {isa = PBXFileReference; explicitFileType = wrapper.cfbundle; includeInIndex = 0; path = LogInSignUpUITests.xctest; sourceTree = BUILT_PRODUCTS_DIR; };
		FB9ABA152190205C007168C8 /* LogInSignUpUITests.swift */ = {isa = PBXFileReference; lastKnownFileType = sourcecode.swift; path = LogInSignUpUITests.swift; sourceTree = "<group>"; };
		FB9ABA172190205C007168C8 /* Info.plist */ = {isa = PBXFileReference; lastKnownFileType = text.plist.xml; path = Info.plist; sourceTree = "<group>"; };
		FB9ABA24219031D1007168C8 /* en */ = {isa = PBXFileReference; lastKnownFileType = text.plist.strings; name = en; path = en.lproj/Main.strings; sourceTree = "<group>"; };
		FBA5A0CB219376500049F872 /* SignUpEmailViewController.swift */ = {isa = PBXFileReference; lastKnownFileType = sourcecode.swift; path = SignUpEmailViewController.swift; sourceTree = "<group>"; };
		FBB98FFD2192CE6E00E7EAB0 /* Base */ = {isa = PBXFileReference; lastKnownFileType = file.storyboard; name = Base; path = Base.lproj/SignUpEmail.storyboard; sourceTree = "<group>"; };
/* End PBXFileReference section */

/* Begin PBXFrameworksBuildPhase section */
		FB9AB9EF2190205A007168C8 /* Frameworks */ = {
			isa = PBXFrameworksBuildPhase;
			buildActionMask = 2147483647;
			files = (
			);
			runOnlyForDeploymentPostprocessing = 0;
		};
		FB9ABA032190205C007168C8 /* Frameworks */ = {
			isa = PBXFrameworksBuildPhase;
			buildActionMask = 2147483647;
			files = (
			);
			runOnlyForDeploymentPostprocessing = 0;
		};
		FB9ABA0E2190205C007168C8 /* Frameworks */ = {
			isa = PBXFrameworksBuildPhase;
			buildActionMask = 2147483647;
			files = (
			);
			runOnlyForDeploymentPostprocessing = 0;
		};
/* End PBXFrameworksBuildPhase section */

/* Begin PBXGroup section */
		FB9AB9E92190205A007168C8 = {
			isa = PBXGroup;
			children = (
				FB9AB9F42190205A007168C8 /* LogInSignUp */,
				FB9ABA092190205C007168C8 /* LogInSignUpTests */,
				FB9ABA142190205C007168C8 /* LogInSignUpUITests */,
				FB9AB9F32190205A007168C8 /* Products */,
			);
			sourceTree = "<group>";
		};
		FB9AB9F32190205A007168C8 /* Products */ = {
			isa = PBXGroup;
			children = (
				FB9AB9F22190205A007168C8 /* LogInSignUp.app */,
				FB9ABA062190205C007168C8 /* LogInSignUpTests.xctest */,
				FB9ABA112190205C007168C8 /* LogInSignUpUITests.xctest */,
			);
			name = Products;
			sourceTree = "<group>";
		};
		FB9AB9F42190205A007168C8 /* LogInSignUp */ = {
			isa = PBXGroup;
			children = (
				FB9AB9F52190205A007168C8 /* AppDelegate.swift */,
				FB9AB9F72190205A007168C8 /* ViewController.swift */,
				FBA5A0CB219376500049F872 /* SignUpEmailViewController.swift */,
				FB4F947221937A5500CD727E /* SignUpPasswordViewController.swift */,
				FB9AB9F92190205A007168C8 /* Main.storyboard */,
				FBB98FFC2192CE6E00E7EAB0 /* SignUpEmail.storyboard */,
				FB9AB9FC2190205C007168C8 /* Assets.xcassets */,
				FB9AB9FE2190205C007168C8 /* LaunchScreen.storyboard */,
				FB9ABA012190205C007168C8 /* Info.plist */,
			);
			path = LogInSignUp;
			sourceTree = "<group>";
		};
		FB9ABA092190205C007168C8 /* LogInSignUpTests */ = {
			isa = PBXGroup;
			children = (
				FB9ABA0A2190205C007168C8 /* LogInSignUpTests.swift */,
				FB9ABA0C2190205C007168C8 /* Info.plist */,
			);
			path = LogInSignUpTests;
			sourceTree = "<group>";
		};
		FB9ABA142190205C007168C8 /* LogInSignUpUITests */ = {
			isa = PBXGroup;
			children = (
				FB9ABA152190205C007168C8 /* LogInSignUpUITests.swift */,
				FB9ABA172190205C007168C8 /* Info.plist */,
			);
			path = LogInSignUpUITests;
			sourceTree = "<group>";
		};
/* End PBXGroup section */

/* Begin PBXNativeTarget section */
		FB9AB9F12190205A007168C8 /* LogInSignUp */ = {
			isa = PBXNativeTarget;
			buildConfigurationList = FB9ABA1A2190205C007168C8 /* Build configuration list for PBXNativeTarget "LogInSignUp" */;
			buildPhases = (
				FB9AB9EE2190205A007168C8 /* Sources */,
				FB9AB9EF2190205A007168C8 /* Frameworks */,
				FB9AB9F02190205A007168C8 /* Resources */,
			);
			buildRules = (
			);
			dependencies = (
			);
			name = LogInSignUp;
			productName = LogInSignUp;
			productReference = FB9AB9F22190205A007168C8 /* LogInSignUp.app */;
			productType = "com.apple.product-type.application";
		};
		FB9ABA052190205C007168C8 /* LogInSignUpTests */ = {
			isa = PBXNativeTarget;
			buildConfigurationList = FB9ABA1D2190205C007168C8 /* Build configuration list for PBXNativeTarget "LogInSignUpTests" */;
			buildPhases = (
				FB9ABA022190205C007168C8 /* Sources */,
				FB9ABA032190205C007168C8 /* Frameworks */,
				FB9ABA042190205C007168C8 /* Resources */,
			);
			buildRules = (
			);
			dependencies = (
				FB9ABA082190205C007168C8 /* PBXTargetDependency */,
			);
			name = LogInSignUpTests;
			productName = LogInSignUpTests;
			productReference = FB9ABA062190205C007168C8 /* LogInSignUpTests.xctest */;
			productType = "com.apple.product-type.bundle.unit-test";
		};
		FB9ABA102190205C007168C8 /* LogInSignUpUITests */ = {
			isa = PBXNativeTarget;
			buildConfigurationList = FB9ABA202190205C007168C8 /* Build configuration list for PBXNativeTarget "LogInSignUpUITests" */;
			buildPhases = (
				FB9ABA0D2190205C007168C8 /* Sources */,
				FB9ABA0E2190205C007168C8 /* Frameworks */,
				FB9ABA0F2190205C007168C8 /* Resources */,
			);
			buildRules = (
			);
			dependencies = (
				FB9ABA132190205C007168C8 /* PBXTargetDependency */,
			);
			name = LogInSignUpUITests;
			productName = LogInSignUpUITests;
			productReference = FB9ABA112190205C007168C8 /* LogInSignUpUITests.xctest */;
			productType = "com.apple.product-type.bundle.ui-testing";
		};
/* End PBXNativeTarget section */

/* Begin PBXProject section */
		FB9AB9EA2190205A007168C8 /* Project object */ = {
			isa = PBXProject;
			attributes = {
				LastSwiftUpdateCheck = 1010;
				LastUpgradeCheck = 1010;
				ORGANIZATIONNAME = "Michail Bondarenko";
				TargetAttributes = {
					FB9AB9F12190205A007168C8 = {
						CreatedOnToolsVersion = 10.1;
					};
					FB9ABA052190205C007168C8 = {
						CreatedOnToolsVersion = 10.1;
						TestTargetID = FB9AB9F12190205A007168C8;
					};
					FB9ABA102190205C007168C8 = {
						CreatedOnToolsVersion = 10.1;
						TestTargetID = FB9AB9F12190205A007168C8;
					};
				};
			};
			buildConfigurationList = FB9AB9ED2190205A007168C8 /* Build configuration list for PBXProject "LogInSignUp" */;
			compatibilityVersion = "Xcode 9.3";
			developmentRegion = en;
			hasScannedForEncodings = 0;
			knownRegions = (
				en,
				Base,
			);
			mainGroup = FB9AB9E92190205A007168C8;
			productRefGroup = FB9AB9F32190205A007168C8 /* Products */;
			projectDirPath = "";
			projectRoot = "";
			targets = (
				FB9AB9F12190205A007168C8 /* LogInSignUp */,
				FB9ABA052190205C007168C8 /* LogInSignUpTests */,
				FB9ABA102190205C007168C8 /* LogInSignUpUITests */,
			);
		};
/* End PBXProject section */

/* Begin PBXResourcesBuildPhase section */
		FB9AB9F02190205A007168C8 /* Resources */ = {
			isa = PBXResourcesBuildPhase;
			buildActionMask = 2147483647;
			files = (
				FB9ABA002190205C007168C8 /* LaunchScreen.storyboard in Resources */,
				FB9AB9FD2190205C007168C8 /* Assets.xcassets in Resources */,
				FB9AB9FB2190205A007168C8 /* Main.storyboard in Resources */,
				FBB98FFE2192CE6E00E7EAB0 /* SignUpEmail.storyboard in Resources */,
			);
			runOnlyForDeploymentPostprocessing = 0;
		};
		FB9ABA042190205C007168C8 /* Resources */ = {
			isa = PBXResourcesBuildPhase;
			buildActionMask = 2147483647;
			files = (
			);
			runOnlyForDeploymentPostprocessing = 0;
		};
		FB9ABA0F2190205C007168C8 /* Resources */ = {
			isa = PBXResourcesBuildPhase;
			buildActionMask = 2147483647;
			files = (
			);
			runOnlyForDeploymentPostprocessing = 0;
		};
/* End PBXResourcesBuildPhase section */

/* Begin PBXSourcesBuildPhase section */
		FB9AB9EE2190205A007168C8 /* Sources */ = {
			isa = PBXSourcesBuildPhase;
			buildActionMask = 2147483647;
			files = (
				FBA5A0CC219376500049F872 /* SignUpEmailViewController.swift in Sources */,
				FB4F947321937A5500CD727E /* SignUpPasswordViewController.swift in Sources */,
				FB9AB9F82190205A007168C8 /* ViewController.swift in Sources */,
				FB9AB9F62190205A007168C8 /* AppDelegate.swift in Sources */,
			);
			runOnlyForDeploymentPostprocessing = 0;
		};
		FB9ABA022190205C007168C8 /* Sources */ = {
			isa = PBXSourcesBuildPhase;
			buildActionMask = 2147483647;
			files = (
				FB9ABA0B2190205C007168C8 /* LogInSignUpTests.swift in Sources */,
			);
			runOnlyForDeploymentPostprocessing = 0;
		};
		FB9ABA0D2190205C007168C8 /* Sources */ = {
			isa = PBXSourcesBuildPhase;
			buildActionMask = 2147483647;
			files = (
				FB9ABA162190205C007168C8 /* LogInSignUpUITests.swift in Sources */,
			);
			runOnlyForDeploymentPostprocessing = 0;
		};
/* End PBXSourcesBuildPhase section */

/* Begin PBXTargetDependency section */
		FB9ABA082190205C007168C8 /* PBXTargetDependency */ = {
			isa = PBXTargetDependency;
			target = FB9AB9F12190205A007168C8 /* LogInSignUp */;
			targetProxy = FB9ABA072190205C007168C8 /* PBXContainerItemProxy */;
		};
		FB9ABA132190205C007168C8 /* PBXTargetDependency */ = {
			isa = PBXTargetDependency;
			target = FB9AB9F12190205A007168C8 /* LogInSignUp */;
			targetProxy = FB9ABA122190205C007168C8 /* PBXContainerItemProxy */;
		};
/* End PBXTargetDependency section */

/* Begin PBXVariantGroup section */
		FB9AB9F92190205A007168C8 /* Main.storyboard */ = {
			isa = PBXVariantGroup;
			children = (
				FB9AB9FA2190205A007168C8 /* Base */,
				FB9ABA24219031D1007168C8 /* en */,
			);
			name = Main.storyboard;
			sourceTree = "<group>";
		};
		FB9AB9FE2190205C007168C8 /* LaunchScreen.storyboard */ = {
			isa = PBXVariantGroup;
			children = (
				FB9AB9FF2190205C007168C8 /* Base */,
			);
			name = LaunchScreen.storyboard;
			sourceTree = "<group>";
		};
		FBB98FFC2192CE6E00E7EAB0 /* SignUpEmail.storyboard */ = {
			isa = PBXVariantGroup;
			children = (
				FBB98FFD2192CE6E00E7EAB0 /* Base */,
			);
			name = SignUpEmail.storyboard;
			sourceTree = "<group>";
		};
/* End PBXVariantGroup section */

/* Begin XCBuildConfiguration section */
		FB9ABA182190205C007168C8 /* Debug */ = {
			isa = XCBuildConfiguration;
			buildSettings = {
				ALWAYS_SEARCH_USER_PATHS = NO;
				CLANG_ANALYZER_NONNULL = YES;
				CLANG_ANALYZER_NUMBER_OBJECT_CONVERSION = YES_AGGRESSIVE;
				CLANG_CXX_LANGUAGE_STANDARD = "gnu++14";
				CLANG_CXX_LIBRARY = "libc++";
				CLANG_ENABLE_MODULES = YES;
				CLANG_ENABLE_OBJC_ARC = YES;
				CLANG_ENABLE_OBJC_WEAK = YES;
				CLANG_WARN_BLOCK_CAPTURE_AUTORELEASING = YES;
				CLANG_WARN_BOOL_CONVERSION = YES;
				CLANG_WARN_COMMA = YES;
				CLANG_WARN_CONSTANT_CONVERSION = YES;
				CLANG_WARN_DEPRECATED_OBJC_IMPLEMENTATIONS = YES;
				CLANG_WARN_DIRECT_OBJC_ISA_USAGE = YES_ERROR;
				CLANG_WARN_DOCUMENTATION_COMMENTS = YES;
				CLANG_WARN_EMPTY_BODY = YES;
				CLANG_WARN_ENUM_CONVERSION = YES;
				CLANG_WARN_INFINITE_RECURSION = YES;
				CLANG_WARN_INT_CONVERSION = YES;
				CLANG_WARN_NON_LITERAL_NULL_CONVERSION = YES;
				CLANG_WARN_OBJC_IMPLICIT_RETAIN_SELF = YES;
				CLANG_WARN_OBJC_LITERAL_CONVERSION = YES;
				CLANG_WARN_OBJC_ROOT_CLASS = YES_ERROR;
				CLANG_WARN_RANGE_LOOP_ANALYSIS = YES;
				CLANG_WARN_STRICT_PROTOTYPES = YES;
				CLANG_WARN_SUSPICIOUS_MOVE = YES;
				CLANG_WARN_UNGUARDED_AVAILABILITY = YES_AGGRESSIVE;
				CLANG_WARN_UNREACHABLE_CODE = YES;
				CLANG_WARN__DUPLICATE_METHOD_MATCH = YES;
				CODE_SIGN_IDENTITY = "iPhone Developer";
				COPY_PHASE_STRIP = NO;
				DEBUG_INFORMATION_FORMAT = dwarf;
				ENABLE_STRICT_OBJC_MSGSEND = YES;
				ENABLE_TESTABILITY = YES;
				GCC_C_LANGUAGE_STANDARD = gnu11;
				GCC_DYNAMIC_NO_PIC = NO;
				GCC_NO_COMMON_BLOCKS = YES;
				GCC_OPTIMIZATION_LEVEL = 0;
				GCC_PREPROCESSOR_DEFINITIONS = (
					"DEBUG=1",
					"$(inherited)",
				);
				GCC_WARN_64_TO_32_BIT_CONVERSION = YES;
				GCC_WARN_ABOUT_RETURN_TYPE = YES_ERROR;
				GCC_WARN_UNDECLARED_SELECTOR = YES;
				GCC_WARN_UNINITIALIZED_AUTOS = YES_AGGRESSIVE;
				GCC_WARN_UNUSED_FUNCTION = YES;
				GCC_WARN_UNUSED_VARIABLE = YES;
				IPHONEOS_DEPLOYMENT_TARGET = 12.1;
				MTL_ENABLE_DEBUG_INFO = INCLUDE_SOURCE;
				MTL_FAST_MATH = YES;
				ONLY_ACTIVE_ARCH = YES;
				SDKROOT = iphoneos;
				SWIFT_ACTIVE_COMPILATION_CONDITIONS = DEBUG;
				SWIFT_OPTIMIZATION_LEVEL = "-Onone";
			};
			name = Debug;
		};
		FB9ABA192190205C007168C8 /* Release */ = {
			isa = XCBuildConfiguration;
			buildSettings = {
				ALWAYS_SEARCH_USER_PATHS = NO;
				CLANG_ANALYZER_NONNULL = YES;
				CLANG_ANALYZER_NUMBER_OBJECT_CONVERSION = YES_AGGRESSIVE;
				CLANG_CXX_LANGUAGE_STANDARD = "gnu++14";
				CLANG_CXX_LIBRARY = "libc++";
				CLANG_ENABLE_MODULES = YES;
				CLANG_ENABLE_OBJC_ARC = YES;
				CLANG_ENABLE_OBJC_WEAK = YES;
				CLANG_WARN_BLOCK_CAPTURE_AUTORELEASING = YES;
				CLANG_WARN_BOOL_CONVERSION = YES;
				CLANG_WARN_COMMA = YES;
				CLANG_WARN_CONSTANT_CONVERSION = YES;
				CLANG_WARN_DEPRECATED_OBJC_IMPLEMENTATIONS = YES;
				CLANG_WARN_DIRECT_OBJC_ISA_USAGE = YES_ERROR;
				CLANG_WARN_DOCUMENTATION_COMMENTS = YES;
				CLANG_WARN_EMPTY_BODY = YES;
				CLANG_WARN_ENUM_CONVERSION = YES;
				CLANG_WARN_INFINITE_RECURSION = YES;
				CLANG_WARN_INT_CONVERSION = YES;
				CLANG_WARN_NON_LITERAL_NULL_CONVERSION = YES;
				CLANG_WARN_OBJC_IMPLICIT_RETAIN_SELF = YES;
				CLANG_WARN_OBJC_LITERAL_CONVERSION = YES;
				CLANG_WARN_OBJC_ROOT_CLASS = YES_ERROR;
				CLANG_WARN_RANGE_LOOP_ANALYSIS = YES;
				CLANG_WARN_STRICT_PROTOTYPES = YES;
				CLANG_WARN_SUSPICIOUS_MOVE = YES;
				CLANG_WARN_UNGUARDED_AVAILABILITY = YES_AGGRESSIVE;
				CLANG_WARN_UNREACHABLE_CODE = YES;
				CLANG_WARN__DUPLICATE_METHOD_MATCH = YES;
				CODE_SIGN_IDENTITY = "iPhone Developer";
				COPY_PHASE_STRIP = NO;
				DEBUG_INFORMATION_FORMAT = "dwarf-with-dsym";
				ENABLE_NS_ASSERTIONS = NO;
				ENABLE_STRICT_OBJC_MSGSEND = YES;
				GCC_C_LANGUAGE_STANDARD = gnu11;
				GCC_NO_COMMON_BLOCKS = YES;
				GCC_WARN_64_TO_32_BIT_CONVERSION = YES;
				GCC_WARN_ABOUT_RETURN_TYPE = YES_ERROR;
				GCC_WARN_UNDECLARED_SELECTOR = YES;
				GCC_WARN_UNINITIALIZED_AUTOS = YES_AGGRESSIVE;
				GCC_WARN_UNUSED_FUNCTION = YES;
				GCC_WARN_UNUSED_VARIABLE = YES;
				IPHONEOS_DEPLOYMENT_TARGET = 12.1;
				MTL_ENABLE_DEBUG_INFO = NO;
				MTL_FAST_MATH = YES;
				SDKROOT = iphoneos;
				SWIFT_COMPILATION_MODE = wholemodule;
				SWIFT_OPTIMIZATION_LEVEL = "-O";
				VALIDATE_PRODUCT = YES;
			};
			name = Release;
		};
		FB9ABA1B2190205C007168C8 /* Debug */ = {
			isa = XCBuildConfiguration;
			buildSettings = {
				ASSETCATALOG_COMPILER_APPICON_NAME = AppIcon;
				CODE_SIGN_STYLE = Automatic;
				DEVELOPMENT_TEAM = GYWWW55376;
				INFOPLIST_FILE = LogInSignUp/Info.plist;
				LD_RUNPATH_SEARCH_PATHS = (
					"$(inherited)",
					"@executable_path/Frameworks",
				);
				PRODUCT_BUNDLE_IDENTIFIER = com.mcmikius.LogInSignUp;
				PRODUCT_NAME = "$(TARGET_NAME)";
				SWIFT_VERSION = 4.2;
				TARGETED_DEVICE_FAMILY = "1,2";
			};
			name = Debug;
		};
		FB9ABA1C2190205C007168C8 /* Release */ = {
			isa = XCBuildConfiguration;
			buildSettings = {
				ASSETCATALOG_COMPILER_APPICON_NAME = AppIcon;
				CODE_SIGN_STYLE = Automatic;
				DEVELOPMENT_TEAM = GYWWW55376;
				INFOPLIST_FILE = LogInSignUp/Info.plist;
				LD_RUNPATH_SEARCH_PATHS = (
					"$(inherited)",
					"@executable_path/Frameworks",
				);
				PRODUCT_BUNDLE_IDENTIFIER = com.mcmikius.LogInSignUp;
				PRODUCT_NAME = "$(TARGET_NAME)";
				SWIFT_VERSION = 4.2;
				TARGETED_DEVICE_FAMILY = "1,2";
			};
			name = Release;
		};
		FB9ABA1E2190205C007168C8 /* Debug */ = {
			isa = XCBuildConfiguration;
			buildSettings = {
				ALWAYS_EMBED_SWIFT_STANDARD_LIBRARIES = YES;
				BUNDLE_LOADER = "$(TEST_HOST)";
				CODE_SIGN_STYLE = Automatic;
				DEVELOPMENT_TEAM = GYWWW55376;
				INFOPLIST_FILE = LogInSignUpTests/Info.plist;
				LD_RUNPATH_SEARCH_PATHS = (
					"$(inherited)",
					"@executable_path/Frameworks",
					"@loader_path/Frameworks",
				);
				PRODUCT_BUNDLE_IDENTIFIER = com.mcmikius.LogInSignUpTests;
				PRODUCT_NAME = "$(TARGET_NAME)";
				SWIFT_VERSION = 4.2;
				TARGETED_DEVICE_FAMILY = "1,2";
				TEST_HOST = "$(BUILT_PRODUCTS_DIR)/LogInSignUp.app/LogInSignUp";
			};
			name = Debug;
		};
		FB9ABA1F2190205C007168C8 /* Release */ = {
			isa = XCBuildConfiguration;
			buildSettings = {
				ALWAYS_EMBED_SWIFT_STANDARD_LIBRARIES = YES;
				BUNDLE_LOADER = "$(TEST_HOST)";
				CODE_SIGN_STYLE = Automatic;
				DEVELOPMENT_TEAM = GYWWW55376;
				INFOPLIST_FILE = LogInSignUpTests/Info.plist;
				LD_RUNPATH_SEARCH_PATHS = (
					"$(inherited)",
					"@executable_path/Frameworks",
					"@loader_path/Frameworks",
				);
				PRODUCT_BUNDLE_IDENTIFIER = com.mcmikius.LogInSignUpTests;
				PRODUCT_NAME = "$(TARGET_NAME)";
				SWIFT_VERSION = 4.2;
				TARGETED_DEVICE_FAMILY = "1,2";
				TEST_HOST = "$(BUILT_PRODUCTS_DIR)/LogInSignUp.app/LogInSignUp";
			};
			name = Release;
		};
		FB9ABA212190205C007168C8 /* Debug */ = {
			isa = XCBuildConfiguration;
			buildSettings = {
				ALWAYS_EMBED_SWIFT_STANDARD_LIBRARIES = YES;
				CODE_SIGN_STYLE = Automatic;
				DEVELOPMENT_TEAM = GYWWW55376;
				INFOPLIST_FILE = LogInSignUpUITests/Info.plist;
				LD_RUNPATH_SEARCH_PATHS = (
					"$(inherited)",
					"@executable_path/Frameworks",
					"@loader_path/Frameworks",
				);
				PRODUCT_BUNDLE_IDENTIFIER = com.mcmikius.LogInSignUpUITests;
				PRODUCT_NAME = "$(TARGET_NAME)";
				SWIFT_VERSION = 4.2;
				TARGETED_DEVICE_FAMILY = "1,2";
				TEST_TARGET_NAME = LogInSignUp;
			};
			name = Debug;
		};
		FB9ABA222190205C007168C8 /* Release */ = {
			isa = XCBuildConfiguration;
			buildSettings = {
				ALWAYS_EMBED_SWIFT_STANDARD_LIBRARIES = YES;
				CODE_SIGN_STYLE = Automatic;
				DEVELOPMENT_TEAM = GYWWW55376;
				INFOPLIST_FILE = LogInSignUpUITests/Info.plist;
				LD_RUNPATH_SEARCH_PATHS = (
					"$(inherited)",
					"@executable_path/Frameworks",
					"@loader_path/Frameworks",
				);
				PRODUCT_BUNDLE_IDENTIFIER = com.mcmikius.LogInSignUpUITests;
				PRODUCT_NAME = "$(TARGET_NAME)";
				SWIFT_VERSION = 4.2;
				TARGETED_DEVICE_FAMILY = "1,2";
				TEST_TARGET_NAME = LogInSignUp;
			};
			name = Release;
		};
/* End XCBuildConfiguration section */

/* Begin XCConfigurationList section */
		FB9AB9ED2190205A007168C8 /* Build configuration list for PBXProject "LogInSignUp" */ = {
			isa = XCConfigurationList;
			buildConfigurations = (
				FB9ABA182190205C007168C8 /* Debug */,
				FB9ABA192190205C007168C8 /* Release */,
			);
			defaultConfigurationIsVisible = 0;
			defaultConfigurationName = Release;
		};
		FB9ABA1A2190205C007168C8 /* Build configuration list for PBXNativeTarget "LogInSignUp" */ = {
			isa = XCConfigurationList;
			buildConfigurations = (
				FB9ABA1B2190205C007168C8 /* Debug */,
				FB9ABA1C2190205C007168C8 /* Release */,
			);
			defaultConfigurationIsVisible = 0;
			defaultConfigurationName = Release;
		};
		FB9ABA1D2190205C007168C8 /* Build configuration list for PBXNativeTarget "LogInSignUpTests" */ = {
			isa = XCConfigurationList;
			buildConfigurations = (
				FB9ABA1E2190205C007168C8 /* Debug */,
				FB9ABA1F2190205C007168C8 /* Release */,
			);
			defaultConfigurationIsVisible = 0;
			defaultConfigurationName = Release;
		};
		FB9ABA202190205C007168C8 /* Build configuration list for PBXNativeTarget "LogInSignUpUITests" */ = {
			isa = XCConfigurationList;
			buildConfigurations = (
				FB9ABA212190205C007168C8 /* Debug */,
				FB9ABA222190205C007168C8 /* Release */,
			);
			defaultConfigurationIsVisible = 0;
			defaultConfigurationName = Release;
		};
/* End XCConfigurationList section */
	};
	rootObject = FB9AB9EA2190205A007168C8 /* Project object */;
}
